// !$*UTF8*$!
{
	archiveVersion = 1;
	classes = {
	};
	objectVersion = 56;
	objects = {

/* Begin PBXBuildFile section */
		4D237BD56C1E2C10551EF9A0 /* Pods_MoveeApp.framework in Frameworks */ = {isa = PBXBuildFile; fileRef = 796CDD406271FCBC2904C76F /* Pods_MoveeApp.framework */; };
		8404BB842907F4DF003C3A44 /* Title.swift in Sources */ = {isa = PBXBuildFile; fileRef = 8404BB832907F4DF003C3A44 /* Title.swift */; };
		8404BB892908194A003C3A44 /* MoviesView.swift in Sources */ = {isa = PBXBuildFile; fileRef = 8404BB882908194A003C3A44 /* MoviesView.swift */; };
		8409FC512AB76F2A00A52DCD /* FavoriteListSingleton.swift in Sources */ = {isa = PBXBuildFile; fileRef = 8409FC502AB76F2A00A52DCD /* FavoriteListSingleton.swift */; };
		841E345F2AB4FC8F00498202 /* FavoritesResponse.swift in Sources */ = {isa = PBXBuildFile; fileRef = 841E345E2AB4FC8F00498202 /* FavoritesResponse.swift */; };
		842766D429110235005D0281 /* DetailViewModel.swift in Sources */ = {isa = PBXBuildFile; fileRef = 842766D329110235005D0281 /* DetailViewModel.swift */; };
		84277B4E2916BE8F00685227 /* CardCellViewModel.swift in Sources */ = {isa = PBXBuildFile; fileRef = 84277B4D2916BE8F00685227 /* CardCellViewModel.swift */; };
		84353B032A7C8298000A5DBC /* Credits.swift in Sources */ = {isa = PBXBuildFile; fileRef = 84353B022A7C8298000A5DBC /* Credits.swift */; };
		843B1080290B27B100AE6EEF /* ListCellView.swift in Sources */ = {isa = PBXBuildFile; fileRef = 843B107F290B27B100AE6EEF /* ListCellView.swift */; };
		843D62172AA0E70D002D3E5E /* ProfileView.swift in Sources */ = {isa = PBXBuildFile; fileRef = 843D62162AA0E70D002D3E5E /* ProfileView.swift */; };
		843D621A2AA40143002D3E5E /* LoginView.swift in Sources */ = {isa = PBXBuildFile; fileRef = 843D62192AA40143002D3E5E /* LoginView.swift */; };
		843D621C2AA4F195002D3E5E /* LoginViewModel.swift in Sources */ = {isa = PBXBuildFile; fileRef = 843D621B2AA4F195002D3E5E /* LoginViewModel.swift */; };
		843D621E2AA500CA002D3E5E /* LoginRequestModel.swift in Sources */ = {isa = PBXBuildFile; fileRef = 843D621D2AA500CA002D3E5E /* LoginRequestModel.swift */; };
		843D62202AA5014B002D3E5E /* CreateToken.swift in Sources */ = {isa = PBXBuildFile; fileRef = 843D621F2AA5014B002D3E5E /* CreateToken.swift */; };
		843D62222AA5385D002D3E5E /* AuthorizeToken.swift in Sources */ = {isa = PBXBuildFile; fileRef = 843D62212AA5385D002D3E5E /* AuthorizeToken.swift */; };
		843D62242AA5D9B7002D3E5E /* Authentication.swift in Sources */ = {isa = PBXBuildFile; fileRef = 843D62232AA5D9B7002D3E5E /* Authentication.swift */; };
		8455E48F292EC6E400596437 /* TvSeriesView.swift in Sources */ = {isa = PBXBuildFile; fileRef = 8455E48E292EC6E400596437 /* TvSeriesView.swift */; };
		8455E491292EC71500596437 /* TvSeriesViewModel.swift in Sources */ = {isa = PBXBuildFile; fileRef = 8455E490292EC71500596437 /* TvSeriesViewModel.swift */; };
		8463B41E2918E948001BEA3D /* CardCellView.swift in Sources */ = {isa = PBXBuildFile; fileRef = 8463B41D2918E948001BEA3D /* CardCellView.swift */; };
		847A3808290D7C6800BAA616 /* Genre.swift in Sources */ = {isa = PBXBuildFile; fileRef = 847A3807290D7C6800BAA616 /* Genre.swift */; };
		847A380A290DCA1500BAA616 /* DetailView.swift in Sources */ = {isa = PBXBuildFile; fileRef = 847A3809290DCA1500BAA616 /* DetailView.swift */; };
		847AF51B2A7E56B000C1D5FD /* CastDetailView.swift in Sources */ = {isa = PBXBuildFile; fileRef = 847AF51A2A7E56B000C1D5FD /* CastDetailView.swift */; };
		847AF51D2A7E56BC00C1D5FD /* CastDetailViewModel.swift in Sources */ = {isa = PBXBuildFile; fileRef = 847AF51C2A7E56BC00C1D5FD /* CastDetailViewModel.swift */; };
		847AF51F2A7E579B00C1D5FD /* TvSeriesEpisode.swift in Sources */ = {isa = PBXBuildFile; fileRef = 847AF51E2A7E579B00C1D5FD /* TvSeriesEpisode.swift */; };
		847AF5222A7E57D400C1D5FD /* Person.swift in Sources */ = {isa = PBXBuildFile; fileRef = 847AF5212A7E57D400C1D5FD /* Person.swift */; };
		847AF52A2A83B97600C1D5FD /* SearchView.swift in Sources */ = {isa = PBXBuildFile; fileRef = 847AF5292A83B97600C1D5FD /* SearchView.swift */; };
		847AF52C2A83B98900C1D5FD /* SearchViewModel.swift in Sources */ = {isa = PBXBuildFile; fileRef = 847AF52B2A83B98900C1D5FD /* SearchViewModel.swift */; };
		847AF5312A85AF0200C1D5FD /* SearchListItemView.swift in Sources */ = {isa = PBXBuildFile; fileRef = 847AF5302A85AF0200C1D5FD /* SearchListItemView.swift */; };
		847AF5332A85AF1E00C1D5FD /* SearchListItemViewModel.swift in Sources */ = {isa = PBXBuildFile; fileRef = 847AF5322A85AF1E00C1D5FD /* SearchListItemViewModel.swift */; };
		847AF5382A8EE03700C1D5FD /* GenericListItemView.swift in Sources */ = {isa = PBXBuildFile; fileRef = 847AF5372A8EE03700C1D5FD /* GenericListItemView.swift */; };
		847AF53A2A8EE06A00C1D5FD /* GenericListItemViewModel.swift in Sources */ = {isa = PBXBuildFile; fileRef = 847AF5392A8EE06A00C1D5FD /* GenericListItemViewModel.swift */; };
		848EAD23290C4A04007C8A1E /* CustomImageView.swift in Sources */ = {isa = PBXBuildFile; fileRef = 848EAD22290C4A04007C8A1E /* CustomImageView.swift */; };
		848FB3762AA7316900837D27 /* CreateSession.swift in Sources */ = {isa = PBXBuildFile; fileRef = 848FB3752AA7316900837D27 /* CreateSession.swift */; };
		84A802DC2AAA1DE500486A1B /* ProfileViewModel.swift in Sources */ = {isa = PBXBuildFile; fileRef = 84A802DB2AAA1DE500486A1B /* ProfileViewModel.swift */; };
		84A802DE2AAA1E1500486A1B /* AccountDetails.swift in Sources */ = {isa = PBXBuildFile; fileRef = 84A802DD2AAA1E1500486A1B /* AccountDetails.swift */; };
		84A802E32AAD061C00486A1B /* MapView.swift in Sources */ = {isa = PBXBuildFile; fileRef = 84A802E22AAD061C00486A1B /* MapView.swift */; };
		84A802E52AAD2DE500486A1B /* MapViewModel.swift in Sources */ = {isa = PBXBuildFile; fileRef = 84A802E42AAD2DE500486A1B /* MapViewModel.swift */; };
		84A802E72AAD394200486A1B /* Landmark.swift in Sources */ = {isa = PBXBuildFile; fileRef = 84A802E62AAD394200486A1B /* Landmark.swift */; };
		84A802EB2AAE297500486A1B /* LocationPreview.swift in Sources */ = {isa = PBXBuildFile; fileRef = 84A802EA2AAE297500486A1B /* LocationPreview.swift */; };
		84AB63DE2905B07E00BF8FE9 /* MoveeAppApp.swift in Sources */ = {isa = PBXBuildFile; fileRef = 84AB63DD2905B07E00BF8FE9 /* MoveeAppApp.swift */; };
		84AB63E02905B07E00BF8FE9 /* ContentView.swift in Sources */ = {isa = PBXBuildFile; fileRef = 84AB63DF2905B07E00BF8FE9 /* ContentView.swift */; };
		84AB63E22905B08300BF8FE9 /* Assets.xcassets in Resources */ = {isa = PBXBuildFile; fileRef = 84AB63E12905B08300BF8FE9 /* Assets.xcassets */; };
		84AB63E52905B08300BF8FE9 /* Preview Assets.xcassets in Resources */ = {isa = PBXBuildFile; fileRef = 84AB63E42905B08300BF8FE9 /* Preview Assets.xcassets */; };
		84B1C18F2AB91B2600E34FCC /* StarRatingView.swift in Sources */ = {isa = PBXBuildFile; fileRef = 84B1C18E2AB91B2600E34FCC /* StarRatingView.swift */; };
		84BEF1372911325E00A208F5 /* ListCellViewModel.swift in Sources */ = {isa = PBXBuildFile; fileRef = 84BEF1362911325E00A208F5 /* ListCellViewModel.swift */; };
		84D2EB4F293171040032C3EA /* TvSeriesCellView.swift in Sources */ = {isa = PBXBuildFile; fileRef = 84D2EB4E293171040032C3EA /* TvSeriesCellView.swift */; };
		84D2EB51293171260032C3EA /* TvSeriesCellViewModel.swift in Sources */ = {isa = PBXBuildFile; fileRef = 84D2EB50293171260032C3EA /* TvSeriesCellViewModel.swift */; };
		84D6AEF12AB5158600F1947C /* FavoriteList.xcdatamodeld in Sources */ = {isa = PBXBuildFile; fileRef = 84D6AEEF2AB5158600F1947C /* FavoriteList.xcdatamodeld */; };
		84D6AEF32AB51DDC00F1947C /* PersistentContainer.swift in Sources */ = {isa = PBXBuildFile; fileRef = 84D6AEF22AB51DDC00F1947C /* PersistentContainer.swift */; };
		84FF4DEA29091F8F00A0A791 /* NetworkEngine.swift in Sources */ = {isa = PBXBuildFile; fileRef = 84FF4DE929091F8F00A0A791 /* NetworkEngine.swift */; };
		84FF4DEC29091FC600A0A791 /* Endpoint.swift in Sources */ = {isa = PBXBuildFile; fileRef = 84FF4DEB29091FC600A0A791 /* Endpoint.swift */; };
		84FF4DEE290920E500A0A791 /* TmdbEndpoint.swift in Sources */ = {isa = PBXBuildFile; fileRef = 84FF4DED290920E500A0A791 /* TmdbEndpoint.swift */; };
		84FF4DF629097B4600A0A791 /* MoviesViewModel.swift in Sources */ = {isa = PBXBuildFile; fileRef = 84FF4DF529097B4600A0A791 /* MoviesViewModel.swift */; };
		8979F35DFDAA413734031CD2 /* Pods_MoveeAppTests.framework in Frameworks */ = {isa = PBXBuildFile; fileRef = 963C23AE769D3E58E71B9783 /* Pods_MoveeAppTests.framework */; };
		A5B4F9B8F02714567864D60B /* Pods_MoveeApp_MoveeAppUITests.framework in Frameworks */ = {isa = PBXBuildFile; fileRef = 48AADC152BE96FB1EFBBF90C /* Pods_MoveeApp_MoveeAppUITests.framework */; };
/* End PBXBuildFile section */

/* Begin PBXContainerItemProxy section */
		84AB63F02905B08400BF8FE9 /* PBXContainerItemProxy */ = {
			isa = PBXContainerItemProxy;
			containerPortal = 84AB63D22905B07E00BF8FE9 /* Project object */;
			proxyType = 1;
			remoteGlobalIDString = 84AB63D92905B07E00BF8FE9;
			remoteInfo = MoveeApp;
		};
		84AB63FA2905B08400BF8FE9 /* PBXContainerItemProxy */ = {
			isa = PBXContainerItemProxy;
			containerPortal = 84AB63D22905B07E00BF8FE9 /* Project object */;
			proxyType = 1;
			remoteGlobalIDString = 84AB63D92905B07E00BF8FE9;
			remoteInfo = MoveeApp;
		};
/* End PBXContainerItemProxy section */

/* Begin PBXFileReference section */
		0EAA1D6CBF2A5502E67ACCDE /* Pods-MoveeApp-MoveeAppUITests.release.xcconfig */ = {isa = PBXFileReference; includeInIndex = 1; lastKnownFileType = text.xcconfig; name = "Pods-MoveeApp-MoveeAppUITests.release.xcconfig"; path = "Target Support Files/Pods-MoveeApp-MoveeAppUITests/Pods-MoveeApp-MoveeAppUITests.release.xcconfig"; sourceTree = "<group>"; };
		37981B2A09FB0F8B574761AB /* Pods-MoveeApp.debug.xcconfig */ = {isa = PBXFileReference; includeInIndex = 1; lastKnownFileType = text.xcconfig; name = "Pods-MoveeApp.debug.xcconfig"; path = "Target Support Files/Pods-MoveeApp/Pods-MoveeApp.debug.xcconfig"; sourceTree = "<group>"; };
		43BDABD09247899A6EE5E1E6 /* Pods-MoveeApp-MoveeAppUITests.debug.xcconfig */ = {isa = PBXFileReference; includeInIndex = 1; lastKnownFileType = text.xcconfig; name = "Pods-MoveeApp-MoveeAppUITests.debug.xcconfig"; path = "Target Support Files/Pods-MoveeApp-MoveeAppUITests/Pods-MoveeApp-MoveeAppUITests.debug.xcconfig"; sourceTree = "<group>"; };
		457A69A9DC84327ECEAE1AF9 /* Pods-MoveeApp.release.xcconfig */ = {isa = PBXFileReference; includeInIndex = 1; lastKnownFileType = text.xcconfig; name = "Pods-MoveeApp.release.xcconfig"; path = "Target Support Files/Pods-MoveeApp/Pods-MoveeApp.release.xcconfig"; sourceTree = "<group>"; };
		48AADC152BE96FB1EFBBF90C /* Pods_MoveeApp_MoveeAppUITests.framework */ = {isa = PBXFileReference; explicitFileType = wrapper.framework; includeInIndex = 0; path = Pods_MoveeApp_MoveeAppUITests.framework; sourceTree = BUILT_PRODUCTS_DIR; };
		796CDD406271FCBC2904C76F /* Pods_MoveeApp.framework */ = {isa = PBXFileReference; explicitFileType = wrapper.framework; includeInIndex = 0; path = Pods_MoveeApp.framework; sourceTree = BUILT_PRODUCTS_DIR; };
		8404BB832907F4DF003C3A44 /* Title.swift */ = {isa = PBXFileReference; lastKnownFileType = sourcecode.swift; path = Title.swift; sourceTree = "<group>"; };
		8404BB882908194A003C3A44 /* MoviesView.swift */ = {isa = PBXFileReference; lastKnownFileType = sourcecode.swift; path = MoviesView.swift; sourceTree = "<group>"; };
		8409FC502AB76F2A00A52DCD /* FavoriteListSingleton.swift */ = {isa = PBXFileReference; lastKnownFileType = sourcecode.swift; path = FavoriteListSingleton.swift; sourceTree = "<group>"; };
		841E345E2AB4FC8F00498202 /* FavoritesResponse.swift */ = {isa = PBXFileReference; lastKnownFileType = sourcecode.swift; path = FavoritesResponse.swift; sourceTree = "<group>"; };
		842766D329110235005D0281 /* DetailViewModel.swift */ = {isa = PBXFileReference; lastKnownFileType = sourcecode.swift; path = DetailViewModel.swift; sourceTree = "<group>"; };
		84277B4D2916BE8F00685227 /* CardCellViewModel.swift */ = {isa = PBXFileReference; lastKnownFileType = sourcecode.swift; path = CardCellViewModel.swift; sourceTree = "<group>"; };
		84353B022A7C8298000A5DBC /* Credits.swift */ = {isa = PBXFileReference; lastKnownFileType = sourcecode.swift; path = Credits.swift; sourceTree = "<group>"; };
		843B107F290B27B100AE6EEF /* ListCellView.swift */ = {isa = PBXFileReference; lastKnownFileType = sourcecode.swift; path = ListCellView.swift; sourceTree = "<group>"; };
		843D62162AA0E70D002D3E5E /* ProfileView.swift */ = {isa = PBXFileReference; lastKnownFileType = sourcecode.swift; path = ProfileView.swift; sourceTree = "<group>"; };
		843D62192AA40143002D3E5E /* LoginView.swift */ = {isa = PBXFileReference; lastKnownFileType = sourcecode.swift; path = LoginView.swift; sourceTree = "<group>"; };
		843D621B2AA4F195002D3E5E /* LoginViewModel.swift */ = {isa = PBXFileReference; lastKnownFileType = sourcecode.swift; path = LoginViewModel.swift; sourceTree = "<group>"; };
		843D621D2AA500CA002D3E5E /* LoginRequestModel.swift */ = {isa = PBXFileReference; lastKnownFileType = sourcecode.swift; path = LoginRequestModel.swift; sourceTree = "<group>"; };
		843D621F2AA5014B002D3E5E /* CreateToken.swift */ = {isa = PBXFileReference; lastKnownFileType = sourcecode.swift; path = CreateToken.swift; sourceTree = "<group>"; };
		843D62212AA5385D002D3E5E /* AuthorizeToken.swift */ = {isa = PBXFileReference; lastKnownFileType = sourcecode.swift; path = AuthorizeToken.swift; sourceTree = "<group>"; };
		843D62232AA5D9B7002D3E5E /* Authentication.swift */ = {isa = PBXFileReference; lastKnownFileType = sourcecode.swift; path = Authentication.swift; sourceTree = "<group>"; };
		8455E48E292EC6E400596437 /* TvSeriesView.swift */ = {isa = PBXFileReference; lastKnownFileType = sourcecode.swift; path = TvSeriesView.swift; sourceTree = "<group>"; };
		8455E490292EC71500596437 /* TvSeriesViewModel.swift */ = {isa = PBXFileReference; lastKnownFileType = sourcecode.swift; path = TvSeriesViewModel.swift; sourceTree = "<group>"; };
		8463B41D2918E948001BEA3D /* CardCellView.swift */ = {isa = PBXFileReference; lastKnownFileType = sourcecode.swift; path = CardCellView.swift; sourceTree = "<group>"; };
		847A3807290D7C6800BAA616 /* Genre.swift */ = {isa = PBXFileReference; lastKnownFileType = sourcecode.swift; path = Genre.swift; sourceTree = "<group>"; };
		847A3809290DCA1500BAA616 /* DetailView.swift */ = {isa = PBXFileReference; lastKnownFileType = sourcecode.swift; path = DetailView.swift; sourceTree = "<group>"; };
		847AF51A2A7E56B000C1D5FD /* CastDetailView.swift */ = {isa = PBXFileReference; lastKnownFileType = sourcecode.swift; path = CastDetailView.swift; sourceTree = "<group>"; };
		847AF51C2A7E56BC00C1D5FD /* CastDetailViewModel.swift */ = {isa = PBXFileReference; lastKnownFileType = sourcecode.swift; path = CastDetailViewModel.swift; sourceTree = "<group>"; };
		847AF51E2A7E579B00C1D5FD /* TvSeriesEpisode.swift */ = {isa = PBXFileReference; lastKnownFileType = sourcecode.swift; path = TvSeriesEpisode.swift; sourceTree = "<group>"; };
		847AF5212A7E57D400C1D5FD /* Person.swift */ = {isa = PBXFileReference; lastKnownFileType = sourcecode.swift; path = Person.swift; sourceTree = "<group>"; };
		847AF5292A83B97600C1D5FD /* SearchView.swift */ = {isa = PBXFileReference; lastKnownFileType = sourcecode.swift; path = SearchView.swift; sourceTree = "<group>"; };
		847AF52B2A83B98900C1D5FD /* SearchViewModel.swift */ = {isa = PBXFileReference; lastKnownFileType = sourcecode.swift; path = SearchViewModel.swift; sourceTree = "<group>"; };
		847AF5302A85AF0200C1D5FD /* SearchListItemView.swift */ = {isa = PBXFileReference; lastKnownFileType = sourcecode.swift; path = SearchListItemView.swift; sourceTree = "<group>"; };
		847AF5322A85AF1E00C1D5FD /* SearchListItemViewModel.swift */ = {isa = PBXFileReference; lastKnownFileType = sourcecode.swift; path = SearchListItemViewModel.swift; sourceTree = "<group>"; };
		847AF5372A8EE03700C1D5FD /* GenericListItemView.swift */ = {isa = PBXFileReference; lastKnownFileType = sourcecode.swift; path = GenericListItemView.swift; sourceTree = "<group>"; };
		847AF5392A8EE06A00C1D5FD /* GenericListItemViewModel.swift */ = {isa = PBXFileReference; lastKnownFileType = sourcecode.swift; path = GenericListItemViewModel.swift; sourceTree = "<group>"; };
		848EAD22290C4A04007C8A1E /* CustomImageView.swift */ = {isa = PBXFileReference; lastKnownFileType = sourcecode.swift; path = CustomImageView.swift; sourceTree = "<group>"; };
		848FB3752AA7316900837D27 /* CreateSession.swift */ = {isa = PBXFileReference; lastKnownFileType = sourcecode.swift; path = CreateSession.swift; sourceTree = "<group>"; };
		84A802DB2AAA1DE500486A1B /* ProfileViewModel.swift */ = {isa = PBXFileReference; lastKnownFileType = sourcecode.swift; path = ProfileViewModel.swift; sourceTree = "<group>"; };
		84A802DD2AAA1E1500486A1B /* AccountDetails.swift */ = {isa = PBXFileReference; lastKnownFileType = sourcecode.swift; path = AccountDetails.swift; sourceTree = "<group>"; };
		84A802E22AAD061C00486A1B /* MapView.swift */ = {isa = PBXFileReference; lastKnownFileType = sourcecode.swift; path = MapView.swift; sourceTree = "<group>"; };
		84A802E42AAD2DE500486A1B /* MapViewModel.swift */ = {isa = PBXFileReference; lastKnownFileType = sourcecode.swift; path = MapViewModel.swift; sourceTree = "<group>"; };
		84A802E62AAD394200486A1B /* Landmark.swift */ = {isa = PBXFileReference; lastKnownFileType = sourcecode.swift; path = Landmark.swift; sourceTree = "<group>"; };
		84A802EA2AAE297500486A1B /* LocationPreview.swift */ = {isa = PBXFileReference; lastKnownFileType = sourcecode.swift; path = LocationPreview.swift; sourceTree = "<group>"; };
		84AB63DA2905B07E00BF8FE9 /* MoveeApp.app */ = {isa = PBXFileReference; explicitFileType = wrapper.application; includeInIndex = 0; path = MoveeApp.app; sourceTree = BUILT_PRODUCTS_DIR; };
		84AB63DD2905B07E00BF8FE9 /* MoveeAppApp.swift */ = {isa = PBXFileReference; lastKnownFileType = sourcecode.swift; path = MoveeAppApp.swift; sourceTree = "<group>"; };
		84AB63DF2905B07E00BF8FE9 /* ContentView.swift */ = {isa = PBXFileReference; lastKnownFileType = sourcecode.swift; path = ContentView.swift; sourceTree = "<group>"; };
		84AB63E12905B08300BF8FE9 /* Assets.xcassets */ = {isa = PBXFileReference; lastKnownFileType = folder.assetcatalog; path = Assets.xcassets; sourceTree = "<group>"; };
		84AB63E42905B08300BF8FE9 /* Preview Assets.xcassets */ = {isa = PBXFileReference; lastKnownFileType = folder.assetcatalog; path = "Preview Assets.xcassets"; sourceTree = "<group>"; };
		84AB63EF2905B08400BF8FE9 /* MoveeAppTests.xctest */ = {isa = PBXFileReference; explicitFileType = wrapper.cfbundle; includeInIndex = 0; path = MoveeAppTests.xctest; sourceTree = BUILT_PRODUCTS_DIR; };
		84AB63F92905B08400BF8FE9 /* MoveeAppUITests.xctest */ = {isa = PBXFileReference; explicitFileType = wrapper.cfbundle; includeInIndex = 0; path = MoveeAppUITests.xctest; sourceTree = BUILT_PRODUCTS_DIR; };
		84B1C18E2AB91B2600E34FCC /* StarRatingView.swift */ = {isa = PBXFileReference; lastKnownFileType = sourcecode.swift; path = StarRatingView.swift; sourceTree = "<group>"; };
		84BEF1362911325E00A208F5 /* ListCellViewModel.swift */ = {isa = PBXFileReference; lastKnownFileType = sourcecode.swift; path = ListCellViewModel.swift; sourceTree = "<group>"; };
		84D2EB4E293171040032C3EA /* TvSeriesCellView.swift */ = {isa = PBXFileReference; lastKnownFileType = sourcecode.swift; path = TvSeriesCellView.swift; sourceTree = "<group>"; };
		84D2EB50293171260032C3EA /* TvSeriesCellViewModel.swift */ = {isa = PBXFileReference; lastKnownFileType = sourcecode.swift; path = TvSeriesCellViewModel.swift; sourceTree = "<group>"; };
		84D6AEF02AB5158600F1947C /* FavoriteList.xcdatamodel */ = {isa = PBXFileReference; lastKnownFileType = wrapper.xcdatamodel; path = FavoriteList.xcdatamodel; sourceTree = "<group>"; };
		84D6AEF22AB51DDC00F1947C /* PersistentContainer.swift */ = {isa = PBXFileReference; lastKnownFileType = sourcecode.swift; path = PersistentContainer.swift; sourceTree = "<group>"; };
		84FF4DE929091F8F00A0A791 /* NetworkEngine.swift */ = {isa = PBXFileReference; lastKnownFileType = sourcecode.swift; path = NetworkEngine.swift; sourceTree = "<group>"; };
		84FF4DEB29091FC600A0A791 /* Endpoint.swift */ = {isa = PBXFileReference; lastKnownFileType = sourcecode.swift; path = Endpoint.swift; sourceTree = "<group>"; };
		84FF4DED290920E500A0A791 /* TmdbEndpoint.swift */ = {isa = PBXFileReference; lastKnownFileType = sourcecode.swift; path = TmdbEndpoint.swift; sourceTree = "<group>"; };
		84FF4DF529097B4600A0A791 /* MoviesViewModel.swift */ = {isa = PBXFileReference; lastKnownFileType = sourcecode.swift; path = MoviesViewModel.swift; sourceTree = "<group>"; };
		871C153373FE2279BBF4EC90 /* Pods-MoveeAppTests.debug.xcconfig */ = {isa = PBXFileReference; includeInIndex = 1; lastKnownFileType = text.xcconfig; name = "Pods-MoveeAppTests.debug.xcconfig"; path = "Target Support Files/Pods-MoveeAppTests/Pods-MoveeAppTests.debug.xcconfig"; sourceTree = "<group>"; };
		963C23AE769D3E58E71B9783 /* Pods_MoveeAppTests.framework */ = {isa = PBXFileReference; explicitFileType = wrapper.framework; includeInIndex = 0; path = Pods_MoveeAppTests.framework; sourceTree = BUILT_PRODUCTS_DIR; };
		96D7422E2709ED8517585B97 /* Pods-MoveeAppTests.release.xcconfig */ = {isa = PBXFileReference; includeInIndex = 1; lastKnownFileType = text.xcconfig; name = "Pods-MoveeAppTests.release.xcconfig"; path = "Target Support Files/Pods-MoveeAppTests/Pods-MoveeAppTests.release.xcconfig"; sourceTree = "<group>"; };
/* End PBXFileReference section */

/* Begin PBXFrameworksBuildPhase section */
		84AB63D72905B07E00BF8FE9 /* Frameworks */ = {
			isa = PBXFrameworksBuildPhase;
			buildActionMask = 2147483647;
			files = (
				4D237BD56C1E2C10551EF9A0 /* Pods_MoveeApp.framework in Frameworks */,
			);
			runOnlyForDeploymentPostprocessing = 0;
		};
		84AB63EC2905B08400BF8FE9 /* Frameworks */ = {
			isa = PBXFrameworksBuildPhase;
			buildActionMask = 2147483647;
			files = (
				8979F35DFDAA413734031CD2 /* Pods_MoveeAppTests.framework in Frameworks */,
			);
			runOnlyForDeploymentPostprocessing = 0;
		};
		84AB63F62905B08400BF8FE9 /* Frameworks */ = {
			isa = PBXFrameworksBuildPhase;
			buildActionMask = 2147483647;
			files = (
				A5B4F9B8F02714567864D60B /* Pods_MoveeApp_MoveeAppUITests.framework in Frameworks */,
			);
			runOnlyForDeploymentPostprocessing = 0;
		};
/* End PBXFrameworksBuildPhase section */

/* Begin PBXGroup section */
		7ADCA0C6BD9ACDE7EC11B0D3 /* Pods */ = {
			isa = PBXGroup;
			children = (
				37981B2A09FB0F8B574761AB /* Pods-MoveeApp.debug.xcconfig */,
				457A69A9DC84327ECEAE1AF9 /* Pods-MoveeApp.release.xcconfig */,
				43BDABD09247899A6EE5E1E6 /* Pods-MoveeApp-MoveeAppUITests.debug.xcconfig */,
				0EAA1D6CBF2A5502E67ACCDE /* Pods-MoveeApp-MoveeAppUITests.release.xcconfig */,
				871C153373FE2279BBF4EC90 /* Pods-MoveeAppTests.debug.xcconfig */,
				96D7422E2709ED8517585B97 /* Pods-MoveeAppTests.release.xcconfig */,
			);
			path = Pods;
			sourceTree = "<group>";
		};
		8404BB822907F3A0003C3A44 /* Models */ = {
			isa = PBXGroup;
			children = (
				8404BB832907F4DF003C3A44 /* Title.swift */,
				847A3807290D7C6800BAA616 /* Genre.swift */,
				84353B022A7C8298000A5DBC /* Credits.swift */,
				847AF51E2A7E579B00C1D5FD /* TvSeriesEpisode.swift */,
				847AF5212A7E57D400C1D5FD /* Person.swift */,
				843D621D2AA500CA002D3E5E /* LoginRequestModel.swift */,
				843D621F2AA5014B002D3E5E /* CreateToken.swift */,
				843D62212AA5385D002D3E5E /* AuthorizeToken.swift */,
				848FB3752AA7316900837D27 /* CreateSession.swift */,
				84A802DD2AAA1E1500486A1B /* AccountDetails.swift */,
				84A802E62AAD394200486A1B /* Landmark.swift */,
				841E345E2AB4FC8F00498202 /* FavoritesResponse.swift */,
			);
			path = Models;
			sourceTree = "<group>";
		};
		841A0443295A674F00C6B422 /* TvCardCell */ = {
			isa = PBXGroup;
			children = (
			);
			path = TvCardCell;
			sourceTree = "<group>";
		};
		843D29ED292A74CE00FBDE89 /* DetailView */ = {
			isa = PBXGroup;
			children = (
				847A3809290DCA1500BAA616 /* DetailView.swift */,
				842766D329110235005D0281 /* DetailViewModel.swift */,
				84B1C18E2AB91B2600E34FCC /* StarRatingView.swift */,
			);
			path = DetailView;
			sourceTree = "<group>";
		};
		843D29EE292A74D600FBDE89 /* CardCell */ = {
			isa = PBXGroup;
			children = (
				84277B4D2916BE8F00685227 /* CardCellViewModel.swift */,
				8463B41D2918E948001BEA3D /* CardCellView.swift */,
			);
			path = CardCell;
			sourceTree = "<group>";
		};
		843D29EF292A74E200FBDE89 /* ListCellView */ = {
			isa = PBXGroup;
			children = (
				843B107F290B27B100AE6EEF /* ListCellView.swift */,
				84BEF1362911325E00A208F5 /* ListCellViewModel.swift */,
			);
			path = ListCellView;
			sourceTree = "<group>";
		};
		843D29F0292A74F500FBDE89 /* MoviesView */ = {
			isa = PBXGroup;
			children = (
				8404BB882908194A003C3A44 /* MoviesView.swift */,
				84FF4DF529097B4600A0A791 /* MoviesViewModel.swift */,
			);
			path = MoviesView;
			sourceTree = "<group>";
		};
		843D62122AA0E681002D3E5E /* Tab Bar Views */ = {
			isa = PBXGroup;
			children = (
				843D29F0292A74F500FBDE89 /* MoviesView */,
				8455E48D292EC5ED00596437 /* TvSeriesView */,
				847AF5262A83B94D00C1D5FD /* SearchView */,
				843D62132AA0E6A5002D3E5E /* ProfileView */,
			);
			path = "Tab Bar Views";
			sourceTree = "<group>";
		};
		843D62132AA0E6A5002D3E5E /* ProfileView */ = {
			isa = PBXGroup;
			children = (
				843D62162AA0E70D002D3E5E /* ProfileView.swift */,
				84A802DB2AAA1DE500486A1B /* ProfileViewModel.swift */,
				8409FC502AB76F2A00A52DCD /* FavoriteListSingleton.swift */,
			);
			path = ProfileView;
			sourceTree = "<group>";
		};
		843D62142AA0E6C2002D3E5E /* Auxilary Views */ = {
			isa = PBXGroup;
			children = (
				84A802E12AAD060D00486A1B /* MapView */,
				843D62182AA40133002D3E5E /* LoginView */,
				843D29ED292A74CE00FBDE89 /* DetailView */,
				847AF5192A7E569500C1D5FD /* CastDetailView */,
			);
			path = "Auxilary Views";
			sourceTree = "<group>";
		};
		843D62152AA0E6D8002D3E5E /* Cells and Helper Views */ = {
			isa = PBXGroup;
			children = (
				847AF5342A8EE00000C1D5FD /* GenericListItemView */,
				847AF52F2A85AEE800C1D5FD /* SearchListItemView */,
				841A0443295A674F00C6B422 /* TvCardCell */,
				843D29EF292A74E200FBDE89 /* ListCellView */,
				843D29EE292A74D600FBDE89 /* CardCell */,
				84D2EB4D293170B40032C3EA /* TvSeriesCell */,
				848EAD22290C4A04007C8A1E /* CustomImageView.swift */,
			);
			path = "Cells and Helper Views";
			sourceTree = "<group>";
		};
		843D62182AA40133002D3E5E /* LoginView */ = {
			isa = PBXGroup;
			children = (
				843D62192AA40143002D3E5E /* LoginView.swift */,
				843D621B2AA4F195002D3E5E /* LoginViewModel.swift */,
				843D62232AA5D9B7002D3E5E /* Authentication.swift */,
			);
			path = LoginView;
			sourceTree = "<group>";
		};
		8455E48D292EC5ED00596437 /* TvSeriesView */ = {
			isa = PBXGroup;
			children = (
				8455E48E292EC6E400596437 /* TvSeriesView.swift */,
				8455E490292EC71500596437 /* TvSeriesViewModel.swift */,
			);
			path = TvSeriesView;
			sourceTree = "<group>";
		};
		847AF5192A7E569500C1D5FD /* CastDetailView */ = {
			isa = PBXGroup;
			children = (
				847AF51A2A7E56B000C1D5FD /* CastDetailView.swift */,
				847AF51C2A7E56BC00C1D5FD /* CastDetailViewModel.swift */,
			);
			path = CastDetailView;
			sourceTree = "<group>";
		};
		847AF5262A83B94D00C1D5FD /* SearchView */ = {
			isa = PBXGroup;
			children = (
				847AF5292A83B97600C1D5FD /* SearchView.swift */,
				847AF52B2A83B98900C1D5FD /* SearchViewModel.swift */,
			);
			path = SearchView;
			sourceTree = "<group>";
		};
		847AF52F2A85AEE800C1D5FD /* SearchListItemView */ = {
			isa = PBXGroup;
			children = (
				847AF5302A85AF0200C1D5FD /* SearchListItemView.swift */,
				847AF5322A85AF1E00C1D5FD /* SearchListItemViewModel.swift */,
			);
			path = SearchListItemView;
			sourceTree = "<group>";
		};
		847AF5342A8EE00000C1D5FD /* GenericListItemView */ = {
			isa = PBXGroup;
			children = (
				847AF5372A8EE03700C1D5FD /* GenericListItemView.swift */,
				847AF5392A8EE06A00C1D5FD /* GenericListItemViewModel.swift */,
			);
			path = GenericListItemView;
			sourceTree = "<group>";
		};
		84A802E12AAD060D00486A1B /* MapView */ = {
			isa = PBXGroup;
			children = (
				84A802E22AAD061C00486A1B /* MapView.swift */,
				84A802E42AAD2DE500486A1B /* MapViewModel.swift */,
				84A802EA2AAE297500486A1B /* LocationPreview.swift */,
			);
			name = MapView;
			sourceTree = "<group>";
		};
		84AB63D12905B07E00BF8FE9 = {
			isa = PBXGroup;
			children = (
				84AB63DC2905B07E00BF8FE9 /* MoveeApp */,
				84AB63DB2905B07E00BF8FE9 /* Products */,
				7ADCA0C6BD9ACDE7EC11B0D3 /* Pods */,
				B0269EEB052C684DF76B008E /* Frameworks */,
			);
			sourceTree = "<group>";
		};
		84AB63DB2905B07E00BF8FE9 /* Products */ = {
			isa = PBXGroup;
			children = (
				84AB63DA2905B07E00BF8FE9 /* MoveeApp.app */,
				84AB63EF2905B08400BF8FE9 /* MoveeAppTests.xctest */,
				84AB63F92905B08400BF8FE9 /* MoveeAppUITests.xctest */,
			);
			name = Products;
			sourceTree = "<group>";
		};
		84AB63DC2905B07E00BF8FE9 /* MoveeApp */ = {
			isa = PBXGroup;
			children = (
				84D6AEEE2AB5156D00F1947C /* CoreData */,
				84BBA5CB290AA49E006ACA2F /* Views */,
				84FF4DE829091F7D00A0A791 /* Networking */,
				8404BB822907F3A0003C3A44 /* Models */,
				84AB63DD2905B07E00BF8FE9 /* MoveeAppApp.swift */,
				84AB63E12905B08300BF8FE9 /* Assets.xcassets */,
				84AB63E32905B08300BF8FE9 /* Preview Content */,
			);
			path = MoveeApp;
			sourceTree = "<group>";
		};
		84AB63E32905B08300BF8FE9 /* Preview Content */ = {
			isa = PBXGroup;
			children = (
				84AB63E42905B08300BF8FE9 /* Preview Assets.xcassets */,
			);
			path = "Preview Content";
			sourceTree = "<group>";
		};
		84BBA5CB290AA49E006ACA2F /* Views */ = {
			isa = PBXGroup;
			children = (
				84AB63DF2905B07E00BF8FE9 /* ContentView.swift */,
				843D62152AA0E6D8002D3E5E /* Cells and Helper Views */,
				843D62142AA0E6C2002D3E5E /* Auxilary Views */,
				843D62122AA0E681002D3E5E /* Tab Bar Views */,
			);
			path = Views;
			sourceTree = "<group>";
		};
		84D2EB4D293170B40032C3EA /* TvSeriesCell */ = {
			isa = PBXGroup;
			children = (
				84D2EB4E293171040032C3EA /* TvSeriesCellView.swift */,
				84D2EB50293171260032C3EA /* TvSeriesCellViewModel.swift */,
			);
			path = TvSeriesCell;
			sourceTree = "<group>";
		};
		84D6AEEE2AB5156D00F1947C /* CoreData */ = {
			isa = PBXGroup;
			children = (
				84D6AEEF2AB5158600F1947C /* FavoriteList.xcdatamodeld */,
				84D6AEF22AB51DDC00F1947C /* PersistentContainer.swift */,
			);
			path = CoreData;
			sourceTree = "<group>";
		};
		84FF4DE829091F7D00A0A791 /* Networking */ = {
			isa = PBXGroup;
			children = (
				84FF4DE929091F8F00A0A791 /* NetworkEngine.swift */,
				84FF4DEB29091FC600A0A791 /* Endpoint.swift */,
				84FF4DED290920E500A0A791 /* TmdbEndpoint.swift */,
			);
			path = Networking;
			sourceTree = "<group>";
		};
		B0269EEB052C684DF76B008E /* Frameworks */ = {
			isa = PBXGroup;
			children = (
				796CDD406271FCBC2904C76F /* Pods_MoveeApp.framework */,
				48AADC152BE96FB1EFBBF90C /* Pods_MoveeApp_MoveeAppUITests.framework */,
				963C23AE769D3E58E71B9783 /* Pods_MoveeAppTests.framework */,
			);
			name = Frameworks;
			sourceTree = "<group>";
		};
/* End PBXGroup section */

/* Begin PBXNativeTarget section */
		84AB63D92905B07E00BF8FE9 /* MoveeApp */ = {
			isa = PBXNativeTarget;
			buildConfigurationList = 84AB64032905B08400BF8FE9 /* Build configuration list for PBXNativeTarget "MoveeApp" */;
			buildPhases = (
				3E0CAFF62ACD7168632A5738 /* [CP] Check Pods Manifest.lock */,
				84AB63D62905B07E00BF8FE9 /* Sources */,
				84AB63D72905B07E00BF8FE9 /* Frameworks */,
				84AB63D82905B07E00BF8FE9 /* Resources */,
				84FF4DE729090DEF00A0A791 /* ShellScript */,
				1450867F20F6082A03A5E4D9 /* [CP] Embed Pods Frameworks */,
			);
			buildRules = (
			);
			dependencies = (
			);
			name = MoveeApp;
			productName = MoveeApp;
			productReference = 84AB63DA2905B07E00BF8FE9 /* MoveeApp.app */;
			productType = "com.apple.product-type.application";
		};
		84AB63EE2905B08400BF8FE9 /* MoveeAppTests */ = {
			isa = PBXNativeTarget;
			buildConfigurationList = 84AB64062905B08400BF8FE9 /* Build configuration list for PBXNativeTarget "MoveeAppTests" */;
			buildPhases = (
				9C59B8CB0D2F0B85B029FF2B /* [CP] Check Pods Manifest.lock */,
				84AB63EB2905B08400BF8FE9 /* Sources */,
				84AB63EC2905B08400BF8FE9 /* Frameworks */,
				84AB63ED2905B08400BF8FE9 /* Resources */,
			);
			buildRules = (
			);
			dependencies = (
				84AB63F12905B08400BF8FE9 /* PBXTargetDependency */,
			);
			name = MoveeAppTests;
			productName = MoveeAppTests;
			productReference = 84AB63EF2905B08400BF8FE9 /* MoveeAppTests.xctest */;
			productType = "com.apple.product-type.bundle.unit-test";
		};
		84AB63F82905B08400BF8FE9 /* MoveeAppUITests */ = {
			isa = PBXNativeTarget;
			buildConfigurationList = 84AB64092905B08400BF8FE9 /* Build configuration list for PBXNativeTarget "MoveeAppUITests" */;
			buildPhases = (
				E93D2362C388F6735F60F5E9 /* [CP] Check Pods Manifest.lock */,
				84AB63F52905B08400BF8FE9 /* Sources */,
				84AB63F62905B08400BF8FE9 /* Frameworks */,
				84AB63F72905B08400BF8FE9 /* Resources */,
				EC9B87DEB66F6ADB75859908 /* [CP] Embed Pods Frameworks */,
			);
			buildRules = (
			);
			dependencies = (
				84AB63FB2905B08400BF8FE9 /* PBXTargetDependency */,
			);
			name = MoveeAppUITests;
			productName = MoveeAppUITests;
			productReference = 84AB63F92905B08400BF8FE9 /* MoveeAppUITests.xctest */;
			productType = "com.apple.product-type.bundle.ui-testing";
		};
/* End PBXNativeTarget section */

/* Begin PBXProject section */
		84AB63D22905B07E00BF8FE9 /* Project object */ = {
			isa = PBXProject;
			attributes = {
				BuildIndependentTargetsInParallel = 1;
				LastSwiftUpdateCheck = 1400;
				LastUpgradeCheck = 1400;
				TargetAttributes = {
					84AB63D92905B07E00BF8FE9 = {
						CreatedOnToolsVersion = 14.0.1;
					};
					84AB63EE2905B08400BF8FE9 = {
						CreatedOnToolsVersion = 14.0.1;
						TestTargetID = 84AB63D92905B07E00BF8FE9;
					};
					84AB63F82905B08400BF8FE9 = {
						CreatedOnToolsVersion = 14.0.1;
						TestTargetID = 84AB63D92905B07E00BF8FE9;
					};
				};
			};
			buildConfigurationList = 84AB63D52905B07E00BF8FE9 /* Build configuration list for PBXProject "MoveeApp" */;
			compatibilityVersion = "Xcode 14.0";
			developmentRegion = en;
			hasScannedForEncodings = 0;
			knownRegions = (
				en,
				Base,
			);
			mainGroup = 84AB63D12905B07E00BF8FE9;
			productRefGroup = 84AB63DB2905B07E00BF8FE9 /* Products */;
			projectDirPath = "";
			projectRoot = "";
			targets = (
				84AB63D92905B07E00BF8FE9 /* MoveeApp */,
				84AB63EE2905B08400BF8FE9 /* MoveeAppTests */,
				84AB63F82905B08400BF8FE9 /* MoveeAppUITests */,
			);
		};
/* End PBXProject section */

/* Begin PBXResourcesBuildPhase section */
		84AB63D82905B07E00BF8FE9 /* Resources */ = {
			isa = PBXResourcesBuildPhase;
			buildActionMask = 2147483647;
			files = (
				84AB63E52905B08300BF8FE9 /* Preview Assets.xcassets in Resources */,
				84AB63E22905B08300BF8FE9 /* Assets.xcassets in Resources */,
			);
			runOnlyForDeploymentPostprocessing = 0;
		};
		84AB63ED2905B08400BF8FE9 /* Resources */ = {
			isa = PBXResourcesBuildPhase;
			buildActionMask = 2147483647;
			files = (
			);
			runOnlyForDeploymentPostprocessing = 0;
		};
		84AB63F72905B08400BF8FE9 /* Resources */ = {
			isa = PBXResourcesBuildPhase;
			buildActionMask = 2147483647;
			files = (
			);
			runOnlyForDeploymentPostprocessing = 0;
		};
/* End PBXResourcesBuildPhase section */

/* Begin PBXShellScriptBuildPhase section */
		1450867F20F6082A03A5E4D9 /* [CP] Embed Pods Frameworks */ = {
			isa = PBXShellScriptBuildPhase;
			buildActionMask = 2147483647;
			files = (
			);
			inputFileListPaths = (
				"${PODS_ROOT}/Target Support Files/Pods-MoveeApp/Pods-MoveeApp-frameworks-${CONFIGURATION}-input-files.xcfilelist",
			);
			name = "[CP] Embed Pods Frameworks";
			outputFileListPaths = (
				"${PODS_ROOT}/Target Support Files/Pods-MoveeApp/Pods-MoveeApp-frameworks-${CONFIGURATION}-output-files.xcfilelist",
			);
			runOnlyForDeploymentPostprocessing = 0;
			shellPath = /bin/sh;
			shellScript = "\"${PODS_ROOT}/Target Support Files/Pods-MoveeApp/Pods-MoveeApp-frameworks.sh\"\n";
			showEnvVarsInLog = 0;
		};
		3E0CAFF62ACD7168632A5738 /* [CP] Check Pods Manifest.lock */ = {
			isa = PBXShellScriptBuildPhase;
			buildActionMask = 2147483647;
			files = (
			);
			inputFileListPaths = (
			);
			inputPaths = (
				"${PODS_PODFILE_DIR_PATH}/Podfile.lock",
				"${PODS_ROOT}/Manifest.lock",
			);
			name = "[CP] Check Pods Manifest.lock";
			outputFileListPaths = (
			);
			outputPaths = (
				"$(DERIVED_FILE_DIR)/Pods-MoveeApp-checkManifestLockResult.txt",
			);
			runOnlyForDeploymentPostprocessing = 0;
			shellPath = /bin/sh;
			shellScript = "diff \"${PODS_PODFILE_DIR_PATH}/Podfile.lock\" \"${PODS_ROOT}/Manifest.lock\" > /dev/null\nif [ $? != 0 ] ; then\n    # print error to STDERR\n    echo \"error: The sandbox is not in sync with the Podfile.lock. Run 'pod install' or update your CocoaPods installation.\" >&2\n    exit 1\nfi\n# This output is used by Xcode 'outputs' to avoid re-running this script phase.\necho \"SUCCESS\" > \"${SCRIPT_OUTPUT_FILE_0}\"\n";
		};
		84FF4DE729090DEF00A0A791 /* ShellScript */ = {
			isa = PBXShellScriptBuildPhase;
			buildActionMask = 2147483647;
			files = (
			);
			inputFileListPaths = (
			);
			inputPaths = (
			);
			outputFileListPaths = (
			);
			outputPaths = (
			);
			runOnlyForDeploymentPostprocessing = 0;
			shellPath = /bin/sh;
			shellScript = "\"${PODS_ROOT}/SwiftLint/swiftlint\" lint\n\n";
		};
		9C59B8CB0D2F0B85B029FF2B /* [CP] Check Pods Manifest.lock */ = {
			isa = PBXShellScriptBuildPhase;
			buildActionMask = 2147483647;
			files = (
			);
			inputFileListPaths = (
			);
			inputPaths = (
				"${PODS_PODFILE_DIR_PATH}/Podfile.lock",
				"${PODS_ROOT}/Manifest.lock",
			);
			name = "[CP] Check Pods Manifest.lock";
			outputFileListPaths = (
			);
			outputPaths = (
				"$(DERIVED_FILE_DIR)/Pods-MoveeAppTests-checkManifestLockResult.txt",
			);
			runOnlyForDeploymentPostprocessing = 0;
			shellPath = /bin/sh;
			shellScript = "diff \"${PODS_PODFILE_DIR_PATH}/Podfile.lock\" \"${PODS_ROOT}/Manifest.lock\" > /dev/null\nif [ $? != 0 ] ; then\n    # print error to STDERR\n    echo \"error: The sandbox is not in sync with the Podfile.lock. Run 'pod install' or update your CocoaPods installation.\" >&2\n    exit 1\nfi\n# This output is used by Xcode 'outputs' to avoid re-running this script phase.\necho \"SUCCESS\" > \"${SCRIPT_OUTPUT_FILE_0}\"\n";
			showEnvVarsInLog = 0;
		};
		E93D2362C388F6735F60F5E9 /* [CP] Check Pods Manifest.lock */ = {
			isa = PBXShellScriptBuildPhase;
			buildActionMask = 2147483647;
			files = (
			);
			inputFileListPaths = (
			);
			inputPaths = (
				"${PODS_PODFILE_DIR_PATH}/Podfile.lock",
				"${PODS_ROOT}/Manifest.lock",
			);
			name = "[CP] Check Pods Manifest.lock";
			outputFileListPaths = (
			);
			outputPaths = (
				"$(DERIVED_FILE_DIR)/Pods-MoveeApp-MoveeAppUITests-checkManifestLockResult.txt",
			);
			runOnlyForDeploymentPostprocessing = 0;
			shellPath = /bin/sh;
			shellScript = "diff \"${PODS_PODFILE_DIR_PATH}/Podfile.lock\" \"${PODS_ROOT}/Manifest.lock\" > /dev/null\nif [ $? != 0 ] ; then\n    # print error to STDERR\n    echo \"error: The sandbox is not in sync with the Podfile.lock. Run 'pod install' or update your CocoaPods installation.\" >&2\n    exit 1\nfi\n# This output is used by Xcode 'outputs' to avoid re-running this script phase.\necho \"SUCCESS\" > \"${SCRIPT_OUTPUT_FILE_0}\"\n";
			showEnvVarsInLog = 0;
		};
		EC9B87DEB66F6ADB75859908 /* [CP] Embed Pods Frameworks */ = {
			isa = PBXShellScriptBuildPhase;
			buildActionMask = 2147483647;
			files = (
			);
			inputFileListPaths = (
				"${PODS_ROOT}/Target Support Files/Pods-MoveeApp-MoveeAppUITests/Pods-MoveeApp-MoveeAppUITests-frameworks-${CONFIGURATION}-input-files.xcfilelist",
			);
			name = "[CP] Embed Pods Frameworks";
			outputFileListPaths = (
				"${PODS_ROOT}/Target Support Files/Pods-MoveeApp-MoveeAppUITests/Pods-MoveeApp-MoveeAppUITests-frameworks-${CONFIGURATION}-output-files.xcfilelist",
			);
			runOnlyForDeploymentPostprocessing = 0;
			shellPath = /bin/sh;
			shellScript = "\"${PODS_ROOT}/Target Support Files/Pods-MoveeApp-MoveeAppUITests/Pods-MoveeApp-MoveeAppUITests-frameworks.sh\"\n";
			showEnvVarsInLog = 0;
		};
/* End PBXShellScriptBuildPhase section */

/* Begin PBXSourcesBuildPhase section */
		84AB63D62905B07E00BF8FE9 /* Sources */ = {
			isa = PBXSourcesBuildPhase;
			buildActionMask = 2147483647;
			files = (
				84A802E52AAD2DE500486A1B /* MapViewModel.swift in Sources */,
				847AF5222A7E57D400C1D5FD /* Person.swift in Sources */,
				84FF4DEC29091FC600A0A791 /* Endpoint.swift in Sources */,
				84D6AEF32AB51DDC00F1947C /* PersistentContainer.swift in Sources */,
				847AF5332A85AF1E00C1D5FD /* SearchListItemViewModel.swift in Sources */,
				84D2EB4F293171040032C3EA /* TvSeriesCellView.swift in Sources */,
				847A380A290DCA1500BAA616 /* DetailView.swift in Sources */,
				847AF51D2A7E56BC00C1D5FD /* CastDetailViewModel.swift in Sources */,
				843D621E2AA500CA002D3E5E /* LoginRequestModel.swift in Sources */,
				84A802E32AAD061C00486A1B /* MapView.swift in Sources */,
				8404BB842907F4DF003C3A44 /* Title.swift in Sources */,
				847AF51B2A7E56B000C1D5FD /* CastDetailView.swift in Sources */,
				848FB3762AA7316900837D27 /* CreateSession.swift in Sources */,
				8455E491292EC71500596437 /* TvSeriesViewModel.swift in Sources */,
				847AF52A2A83B97600C1D5FD /* SearchView.swift in Sources */,
				843D62242AA5D9B7002D3E5E /* Authentication.swift in Sources */,
				843D621C2AA4F195002D3E5E /* LoginViewModel.swift in Sources */,
				841E345F2AB4FC8F00498202 /* FavoritesResponse.swift in Sources */,
				84A802DC2AAA1DE500486A1B /* ProfileViewModel.swift in Sources */,
				84A802DE2AAA1E1500486A1B /* AccountDetails.swift in Sources */,
				84277B4E2916BE8F00685227 /* CardCellViewModel.swift in Sources */,
				84A802EB2AAE297500486A1B /* LocationPreview.swift in Sources */,
				8455E48F292EC6E400596437 /* TvSeriesView.swift in Sources */,
				84B1C18F2AB91B2600E34FCC /* StarRatingView.swift in Sources */,
				8463B41E2918E948001BEA3D /* CardCellView.swift in Sources */,
				8409FC512AB76F2A00A52DCD /* FavoriteListSingleton.swift in Sources */,
				847AF53A2A8EE06A00C1D5FD /* GenericListItemViewModel.swift in Sources */,
				84FF4DF629097B4600A0A791 /* MoviesViewModel.swift in Sources */,
				84A802E72AAD394200486A1B /* Landmark.swift in Sources */,
				847A3808290D7C6800BAA616 /* Genre.swift in Sources */,
				84BEF1372911325E00A208F5 /* ListCellViewModel.swift in Sources */,
				84FF4DEA29091F8F00A0A791 /* NetworkEngine.swift in Sources */,
				84D6AEF12AB5158600F1947C /* FavoriteList.xcdatamodeld in Sources */,
				84AB63E02905B07E00BF8FE9 /* ContentView.swift in Sources */,
				84D2EB51293171260032C3EA /* TvSeriesCellViewModel.swift in Sources */,
				8404BB892908194A003C3A44 /* MoviesView.swift in Sources */,
				842766D429110235005D0281 /* DetailViewModel.swift in Sources */,
				847AF5382A8EE03700C1D5FD /* GenericListItemView.swift in Sources */,
				84FF4DEE290920E500A0A791 /* TmdbEndpoint.swift in Sources */,
				843D62172AA0E70D002D3E5E /* ProfileView.swift in Sources */,
				84AB63DE2905B07E00BF8FE9 /* MoveeAppApp.swift in Sources */,
				843B1080290B27B100AE6EEF /* ListCellView.swift in Sources */,
				847AF5312A85AF0200C1D5FD /* SearchListItemView.swift in Sources */,
				843D62202AA5014B002D3E5E /* CreateToken.swift in Sources */,
				84353B032A7C8298000A5DBC /* Credits.swift in Sources */,
				843D62222AA5385D002D3E5E /* AuthorizeToken.swift in Sources */,
				847AF52C2A83B98900C1D5FD /* SearchViewModel.swift in Sources */,
				843D621A2AA40143002D3E5E /* LoginView.swift in Sources */,
				847AF51F2A7E579B00C1D5FD /* TvSeriesEpisode.swift in Sources */,
				848EAD23290C4A04007C8A1E /* CustomImageView.swift in Sources */,
			);
			runOnlyForDeploymentPostprocessing = 0;
		};
		84AB63EB2905B08400BF8FE9 /* Sources */ = {
			isa = PBXSourcesBuildPhase;
			buildActionMask = 2147483647;
			files = (
			);
			runOnlyForDeploymentPostprocessing = 0;
		};
		84AB63F52905B08400BF8FE9 /* Sources */ = {
			isa = PBXSourcesBuildPhase;
			buildActionMask = 2147483647;
			files = (
			);
			runOnlyForDeploymentPostprocessing = 0;
		};
/* End PBXSourcesBuildPhase section */

/* Begin PBXTargetDependency section */
		84AB63F12905B08400BF8FE9 /* PBXTargetDependency */ = {
			isa = PBXTargetDependency;
			target = 84AB63D92905B07E00BF8FE9 /* MoveeApp */;
			targetProxy = 84AB63F02905B08400BF8FE9 /* PBXContainerItemProxy */;
		};
		84AB63FB2905B08400BF8FE9 /* PBXTargetDependency */ = {
			isa = PBXTargetDependency;
			target = 84AB63D92905B07E00BF8FE9 /* MoveeApp */;
			targetProxy = 84AB63FA2905B08400BF8FE9 /* PBXContainerItemProxy */;
		};
/* End PBXTargetDependency section */

/* Begin XCBuildConfiguration section */
		84AB64012905B08400BF8FE9 /* Debug */ = {
			isa = XCBuildConfiguration;
			buildSettings = {
				ALWAYS_SEARCH_USER_PATHS = NO;
				CLANG_ANALYZER_NONNULL = YES;
				CLANG_ANALYZER_NUMBER_OBJECT_CONVERSION = YES_AGGRESSIVE;
				CLANG_CXX_LANGUAGE_STANDARD = "gnu++20";
				CLANG_ENABLE_MODULES = YES;
				CLANG_ENABLE_OBJC_ARC = YES;
				CLANG_ENABLE_OBJC_WEAK = YES;
				CLANG_WARN_BLOCK_CAPTURE_AUTORELEASING = YES;
				CLANG_WARN_BOOL_CONVERSION = YES;
				CLANG_WARN_COMMA = YES;
				CLANG_WARN_CONSTANT_CONVERSION = YES;
				CLANG_WARN_DEPRECATED_OBJC_IMPLEMENTATIONS = YES;
				CLANG_WARN_DIRECT_OBJC_ISA_USAGE = YES_ERROR;
				CLANG_WARN_DOCUMENTATION_COMMENTS = YES;
				CLANG_WARN_EMPTY_BODY = YES;
				CLANG_WARN_ENUM_CONVERSION = YES;
				CLANG_WARN_INFINITE_RECURSION = YES;
				CLANG_WARN_INT_CONVERSION = YES;
				CLANG_WARN_NON_LITERAL_NULL_CONVERSION = YES;
				CLANG_WARN_OBJC_IMPLICIT_RETAIN_SELF = YES;
				CLANG_WARN_OBJC_LITERAL_CONVERSION = YES;
				CLANG_WARN_OBJC_ROOT_CLASS = YES_ERROR;
				CLANG_WARN_QUOTED_INCLUDE_IN_FRAMEWORK_HEADER = YES;
				CLANG_WARN_RANGE_LOOP_ANALYSIS = YES;
				CLANG_WARN_STRICT_PROTOTYPES = YES;
				CLANG_WARN_SUSPICIOUS_MOVE = YES;
				CLANG_WARN_UNGUARDED_AVAILABILITY = YES_AGGRESSIVE;
				CLANG_WARN_UNREACHABLE_CODE = YES;
				CLANG_WARN__DUPLICATE_METHOD_MATCH = YES;
				COPY_PHASE_STRIP = NO;
				DEBUG_INFORMATION_FORMAT = dwarf;
				ENABLE_STRICT_OBJC_MSGSEND = YES;
				ENABLE_TESTABILITY = YES;
				GCC_C_LANGUAGE_STANDARD = gnu11;
				GCC_DYNAMIC_NO_PIC = NO;
				GCC_NO_COMMON_BLOCKS = YES;
				GCC_OPTIMIZATION_LEVEL = 0;
				GCC_PREPROCESSOR_DEFINITIONS = (
					"DEBUG=1",
					"$(inherited)",
				);
				GCC_WARN_64_TO_32_BIT_CONVERSION = YES;
				GCC_WARN_ABOUT_RETURN_TYPE = YES_ERROR;
				GCC_WARN_UNDECLARED_SELECTOR = YES;
				GCC_WARN_UNINITIALIZED_AUTOS = YES_AGGRESSIVE;
				GCC_WARN_UNUSED_FUNCTION = YES;
				GCC_WARN_UNUSED_VARIABLE = YES;
				IPHONEOS_DEPLOYMENT_TARGET = 16.0;
				MTL_ENABLE_DEBUG_INFO = INCLUDE_SOURCE;
				MTL_FAST_MATH = YES;
				ONLY_ACTIVE_ARCH = YES;
				SDKROOT = iphoneos;
				SWIFT_ACTIVE_COMPILATION_CONDITIONS = DEBUG;
				SWIFT_OPTIMIZATION_LEVEL = "-Onone";
			};
			name = Debug;
		};
		84AB64022905B08400BF8FE9 /* Release */ = {
			isa = XCBuildConfiguration;
			buildSettings = {
				ALWAYS_SEARCH_USER_PATHS = NO;
				CLANG_ANALYZER_NONNULL = YES;
				CLANG_ANALYZER_NUMBER_OBJECT_CONVERSION = YES_AGGRESSIVE;
				CLANG_CXX_LANGUAGE_STANDARD = "gnu++20";
				CLANG_ENABLE_MODULES = YES;
				CLANG_ENABLE_OBJC_ARC = YES;
				CLANG_ENABLE_OBJC_WEAK = YES;
				CLANG_WARN_BLOCK_CAPTURE_AUTORELEASING = YES;
				CLANG_WARN_BOOL_CONVERSION = YES;
				CLANG_WARN_COMMA = YES;
				CLANG_WARN_CONSTANT_CONVERSION = YES;
				CLANG_WARN_DEPRECATED_OBJC_IMPLEMENTATIONS = YES;
				CLANG_WARN_DIRECT_OBJC_ISA_USAGE = YES_ERROR;
				CLANG_WARN_DOCUMENTATION_COMMENTS = YES;
				CLANG_WARN_EMPTY_BODY = YES;
				CLANG_WARN_ENUM_CONVERSION = YES;
				CLANG_WARN_INFINITE_RECURSION = YES;
				CLANG_WARN_INT_CONVERSION = YES;
				CLANG_WARN_NON_LITERAL_NULL_CONVERSION = YES;
				CLANG_WARN_OBJC_IMPLICIT_RETAIN_SELF = YES;
				CLANG_WARN_OBJC_LITERAL_CONVERSION = YES;
				CLANG_WARN_OBJC_ROOT_CLASS = YES_ERROR;
				CLANG_WARN_QUOTED_INCLUDE_IN_FRAMEWORK_HEADER = YES;
				CLANG_WARN_RANGE_LOOP_ANALYSIS = YES;
				CLANG_WARN_STRICT_PROTOTYPES = YES;
				CLANG_WARN_SUSPICIOUS_MOVE = YES;
				CLANG_WARN_UNGUARDED_AVAILABILITY = YES_AGGRESSIVE;
				CLANG_WARN_UNREACHABLE_CODE = YES;
				CLANG_WARN__DUPLICATE_METHOD_MATCH = YES;
				COPY_PHASE_STRIP = NO;
				DEBUG_INFORMATION_FORMAT = "dwarf-with-dsym";
				ENABLE_NS_ASSERTIONS = NO;
				ENABLE_STRICT_OBJC_MSGSEND = YES;
				GCC_C_LANGUAGE_STANDARD = gnu11;
				GCC_NO_COMMON_BLOCKS = YES;
				GCC_WARN_64_TO_32_BIT_CONVERSION = YES;
				GCC_WARN_ABOUT_RETURN_TYPE = YES_ERROR;
				GCC_WARN_UNDECLARED_SELECTOR = YES;
				GCC_WARN_UNINITIALIZED_AUTOS = YES_AGGRESSIVE;
				GCC_WARN_UNUSED_FUNCTION = YES;
				GCC_WARN_UNUSED_VARIABLE = YES;
				IPHONEOS_DEPLOYMENT_TARGET = 16.0;
				MTL_ENABLE_DEBUG_INFO = NO;
				MTL_FAST_MATH = YES;
				SDKROOT = iphoneos;
				SWIFT_COMPILATION_MODE = wholemodule;
				SWIFT_OPTIMIZATION_LEVEL = "-O";
				VALIDATE_PRODUCT = YES;
			};
			name = Release;
		};
		84AB64042905B08400BF8FE9 /* Debug */ = {
			isa = XCBuildConfiguration;
			baseConfigurationReference = 37981B2A09FB0F8B574761AB /* Pods-MoveeApp.debug.xcconfig */;
			buildSettings = {
				ASSETCATALOG_COMPILER_APPICON_NAME = AppIcon;
				ASSETCATALOG_COMPILER_GLOBAL_ACCENT_COLOR_NAME = AccentColor;
				CODE_SIGN_STYLE = Automatic;
				CURRENT_PROJECT_VERSION = 1;
				DEVELOPMENT_ASSET_PATHS = "\"MoveeApp/Preview Content\"";
				DEVELOPMENT_TEAM = KK5V4GM8Z2;
				ENABLE_PREVIEWS = YES;
				GENERATE_INFOPLIST_FILE = YES;
				INFOPLIST_KEY_NSLocationWhenInUseUsageDescription = "This app requires your location to show you nearby cinemas";
				INFOPLIST_KEY_UIApplicationSceneManifest_Generation = YES;
				INFOPLIST_KEY_UIApplicationSupportsIndirectInputEvents = YES;
				INFOPLIST_KEY_UILaunchScreen_Generation = YES;
				INFOPLIST_KEY_UISupportedInterfaceOrientations_iPad = "UIInterfaceOrientationPortrait UIInterfaceOrientationPortraitUpsideDown UIInterfaceOrientationLandscapeLeft UIInterfaceOrientationLandscapeRight";
				INFOPLIST_KEY_UISupportedInterfaceOrientations_iPhone = "UIInterfaceOrientationPortrait UIInterfaceOrientationLandscapeLeft UIInterfaceOrientationLandscapeRight";
				LD_RUNPATH_SEARCH_PATHS = (
					"$(inherited)",
					"@executable_path/Frameworks",
				);
				MARKETING_VERSION = 1.0;
				PRODUCT_BUNDLE_IDENTIFIER = com.husamdemirtas.MoveeApp;
				PRODUCT_NAME = "$(TARGET_NAME)";
				SWIFT_COMPILATION_MODE = singlefile;
				SWIFT_EMIT_LOC_STRINGS = YES;
				SWIFT_VERSION = 5.0;
				TARGETED_DEVICE_FAMILY = "1,2";
			};
			name = Debug;
		};
		84AB64052905B08400BF8FE9 /* Release */ = {
			isa = XCBuildConfiguration;
			baseConfigurationReference = 457A69A9DC84327ECEAE1AF9 /* Pods-MoveeApp.release.xcconfig */;
			buildSettings = {
				ASSETCATALOG_COMPILER_APPICON_NAME = AppIcon;
				ASSETCATALOG_COMPILER_GLOBAL_ACCENT_COLOR_NAME = AccentColor;
				CODE_SIGN_STYLE = Automatic;
				CURRENT_PROJECT_VERSION = 1;
				DEVELOPMENT_ASSET_PATHS = "\"MoveeApp/Preview Content\"";
				DEVELOPMENT_TEAM = KK5V4GM8Z2;
				ENABLE_PREVIEWS = YES;
				GENERATE_INFOPLIST_FILE = YES;
				INFOPLIST_KEY_NSLocationWhenInUseUsageDescription = "This app requires your location to show you nearby cinemas";
				INFOPLIST_KEY_UIApplicationSceneManifest_Generation = YES;
				INFOPLIST_KEY_UIApplicationSupportsIndirectInputEvents = YES;
				INFOPLIST_KEY_UILaunchScreen_Generation = YES;
				INFOPLIST_KEY_UISupportedInterfaceOrientations_iPad = "UIInterfaceOrientationPortrait UIInterfaceOrientationPortraitUpsideDown UIInterfaceOrientationLandscapeLeft UIInterfaceOrientationLandscapeRight";
				INFOPLIST_KEY_UISupportedInterfaceOrientations_iPhone = "UIInterfaceOrientationPortrait UIInterfaceOrientationLandscapeLeft UIInterfaceOrientationLandscapeRight";
				LD_RUNPATH_SEARCH_PATHS = (
					"$(inherited)",
					"@executable_path/Frameworks",
				);
				MARKETING_VERSION = 1.0;
				PRODUCT_BUNDLE_IDENTIFIER = com.husamdemirtas.MoveeApp;
				PRODUCT_NAME = "$(TARGET_NAME)";
				SWIFT_EMIT_LOC_STRINGS = YES;
				SWIFT_VERSION = 5.0;
				TARGETED_DEVICE_FAMILY = "1,2";
			};
			name = Release;
		};
		84AB64072905B08400BF8FE9 /* Debug */ = {
			isa = XCBuildConfiguration;
			baseConfigurationReference = 871C153373FE2279BBF4EC90 /* Pods-MoveeAppTests.debug.xcconfig */;
			buildSettings = {
				ALWAYS_EMBED_SWIFT_STANDARD_LIBRARIES = YES;
				BUNDLE_LOADER = "$(TEST_HOST)";
				CODE_SIGN_STYLE = Automatic;
				CURRENT_PROJECT_VERSION = 1;
				DEVELOPMENT_TEAM = BB2PJN632P;
				GENERATE_INFOPLIST_FILE = YES;
				IPHONEOS_DEPLOYMENT_TARGET = 16.0;
				MARKETING_VERSION = 1.0;
				PRODUCT_BUNDLE_IDENTIFIER = com.husamdemirtas.MoveeAppTests;
				PRODUCT_NAME = "$(TARGET_NAME)";
				SWIFT_EMIT_LOC_STRINGS = NO;
				SWIFT_VERSION = 5.0;
				TARGETED_DEVICE_FAMILY = "1,2";
				TEST_HOST = "$(BUILT_PRODUCTS_DIR)/MoveeApp.app/$(BUNDLE_EXECUTABLE_FOLDER_PATH)/MoveeApp";
			};
			name = Debug;
		};
		84AB64082905B08400BF8FE9 /* Release */ = {
			isa = XCBuildConfiguration;
			baseConfigurationReference = 96D7422E2709ED8517585B97 /* Pods-MoveeAppTests.release.xcconfig */;
			buildSettings = {
				ALWAYS_EMBED_SWIFT_STANDARD_LIBRARIES = YES;
				BUNDLE_LOADER = "$(TEST_HOST)";
				CODE_SIGN_STYLE = Automatic;
				CURRENT_PROJECT_VERSION = 1;
				DEVELOPMENT_TEAM = BB2PJN632P;
				GENERATE_INFOPLIST_FILE = YES;
				IPHONEOS_DEPLOYMENT_TARGET = 16.0;
				MARKETING_VERSION = 1.0;
				PRODUCT_BUNDLE_IDENTIFIER = com.husamdemirtas.MoveeAppTests;
				PRODUCT_NAME = "$(TARGET_NAME)";
				SWIFT_EMIT_LOC_STRINGS = NO;
				SWIFT_VERSION = 5.0;
				TARGETED_DEVICE_FAMILY = "1,2";
				TEST_HOST = "$(BUILT_PRODUCTS_DIR)/MoveeApp.app/$(BUNDLE_EXECUTABLE_FOLDER_PATH)/MoveeApp";
			};
			name = Release;
		};
		84AB640A2905B08400BF8FE9 /* Debug */ = {
			isa = XCBuildConfiguration;
			baseConfigurationReference = 43BDABD09247899A6EE5E1E6 /* Pods-MoveeApp-MoveeAppUITests.debug.xcconfig */;
			buildSettings = {
				ALWAYS_EMBED_SWIFT_STANDARD_LIBRARIES = YES;
				CODE_SIGN_STYLE = Automatic;
				CURRENT_PROJECT_VERSION = 1;
				DEVELOPMENT_TEAM = BB2PJN632P;
				GENERATE_INFOPLIST_FILE = YES;
				MARKETING_VERSION = 1.0;
				PRODUCT_BUNDLE_IDENTIFIER = com.husamdemirtas.MoveeAppUITests;
				PRODUCT_NAME = "$(TARGET_NAME)";
				SWIFT_EMIT_LOC_STRINGS = NO;
				SWIFT_VERSION = 5.0;
				TARGETED_DEVICE_FAMILY = "1,2";
				TEST_TARGET_NAME = MoveeApp;
			};
			name = Debug;
		};
		84AB640B2905B08400BF8FE9 /* Release */ = {
			isa = XCBuildConfiguration;
			baseConfigurationReference = 0EAA1D6CBF2A5502E67ACCDE /* Pods-MoveeApp-MoveeAppUITests.release.xcconfig */;
			buildSettings = {
				ALWAYS_EMBED_SWIFT_STANDARD_LIBRARIES = YES;
				CODE_SIGN_STYLE = Automatic;
				CURRENT_PROJECT_VERSION = 1;
				DEVELOPMENT_TEAM = BB2PJN632P;
				GENERATE_INFOPLIST_FILE = YES;
				MARKETING_VERSION = 1.0;
				PRODUCT_BUNDLE_IDENTIFIER = com.husamdemirtas.MoveeAppUITests;
				PRODUCT_NAME = "$(TARGET_NAME)";
				SWIFT_EMIT_LOC_STRINGS = NO;
				SWIFT_VERSION = 5.0;
				TARGETED_DEVICE_FAMILY = "1,2";
				TEST_TARGET_NAME = MoveeApp;
			};
			name = Release;
		};
/* End XCBuildConfiguration section */

/* Begin XCConfigurationList section */
		84AB63D52905B07E00BF8FE9 /* Build configuration list for PBXProject "MoveeApp" */ = {
			isa = XCConfigurationList;
			buildConfigurations = (
				84AB64012905B08400BF8FE9 /* Debug */,
				84AB64022905B08400BF8FE9 /* Release */,
			);
			defaultConfigurationIsVisible = 0;
			defaultConfigurationName = Release;
		};
		84AB64032905B08400BF8FE9 /* Build configuration list for PBXNativeTarget "MoveeApp" */ = {
			isa = XCConfigurationList;
			buildConfigurations = (
				84AB64042905B08400BF8FE9 /* Debug */,
				84AB64052905B08400BF8FE9 /* Release */,
			);
			defaultConfigurationIsVisible = 0;
			defaultConfigurationName = Release;
		};
		84AB64062905B08400BF8FE9 /* Build configuration list for PBXNativeTarget "MoveeAppTests" */ = {
			isa = XCConfigurationList;
			buildConfigurations = (
				84AB64072905B08400BF8FE9 /* Debug */,
				84AB64082905B08400BF8FE9 /* Release */,
			);
			defaultConfigurationIsVisible = 0;
			defaultConfigurationName = Release;
		};
		84AB64092905B08400BF8FE9 /* Build configuration list for PBXNativeTarget "MoveeAppUITests" */ = {
			isa = XCConfigurationList;
			buildConfigurations = (
				84AB640A2905B08400BF8FE9 /* Debug */,
				84AB640B2905B08400BF8FE9 /* Release */,
			);
			defaultConfigurationIsVisible = 0;
			defaultConfigurationName = Release;
		};
/* End XCConfigurationList section */

/* Begin XCVersionGroup section */
		84D6AEEF2AB5158600F1947C /* FavoriteList.xcdatamodeld */ = {
			isa = XCVersionGroup;
			children = (
				84D6AEF02AB5158600F1947C /* FavoriteList.xcdatamodel */,
			);
			currentVersion = 84D6AEF02AB5158600F1947C /* FavoriteList.xcdatamodel */;
			path = FavoriteList.xcdatamodeld;
			sourceTree = "<group>";
			versionGroupType = wrapper.xcdatamodel;
		};
/* End XCVersionGroup section */
	};
	rootObject = 84AB63D22905B07E00BF8FE9 /* Project object */;
}
