// !$*UTF8*$!
{
	archiveVersion = 1;
	classes = {
	};
	objectVersion = 56;
	objects = {

/* Begin PBXBuildFile section */
		4D237BD56C1E2C10551EF9A0 /* Pods_MoveeApp.framework in Frameworks */ = {isa = PBXBuildFile; fileRef = 796CDD406271FCBC2904C76F /* Pods_MoveeApp.framework */; };
		8404BB812907F38D003C3A44 /* NetworkManager.swift in Sources */ = {isa = PBXBuildFile; fileRef = 8404BB802907F38D003C3A44 /* NetworkManager.swift */; };
		8404BB842907F4DF003C3A44 /* Title.swift in Sources */ = {isa = PBXBuildFile; fileRef = 8404BB832907F4DF003C3A44 /* Title.swift */; };
		8404BB892908194A003C3A44 /* ButtonAndResultView.swift in Sources */ = {isa = PBXBuildFile; fileRef = 8404BB882908194A003C3A44 /* ButtonAndResultView.swift */; };
		84AB63DE2905B07E00BF8FE9 /* MoveeAppApp.swift in Sources */ = {isa = PBXBuildFile; fileRef = 84AB63DD2905B07E00BF8FE9 /* MoveeAppApp.swift */; };
		84AB63E02905B07E00BF8FE9 /* ContentView.swift in Sources */ = {isa = PBXBuildFile; fileRef = 84AB63DF2905B07E00BF8FE9 /* ContentView.swift */; };
		84AB63E22905B08300BF8FE9 /* Assets.xcassets in Resources */ = {isa = PBXBuildFile; fileRef = 84AB63E12905B08300BF8FE9 /* Assets.xcassets */; };
		84AB63E52905B08300BF8FE9 /* Preview Assets.xcassets in Resources */ = {isa = PBXBuildFile; fileRef = 84AB63E42905B08300BF8FE9 /* Preview Assets.xcassets */; };
		84AB63E72905B08300BF8FE9 /* Persistence.swift in Sources */ = {isa = PBXBuildFile; fileRef = 84AB63E62905B08300BF8FE9 /* Persistence.swift */; };
		84AB63EA2905B08300BF8FE9 /* MoveeApp.xcdatamodeld in Sources */ = {isa = PBXBuildFile; fileRef = 84AB63E82905B08300BF8FE9 /* MoveeApp.xcdatamodeld */; };
		84AB63F42905B08400BF8FE9 /* MoveeAppTests.swift in Sources */ = {isa = PBXBuildFile; fileRef = 84AB63F32905B08400BF8FE9 /* MoveeAppTests.swift */; };
		84AB63FE2905B08400BF8FE9 /* MoveeAppUITests.swift in Sources */ = {isa = PBXBuildFile; fileRef = 84AB63FD2905B08400BF8FE9 /* MoveeAppUITests.swift */; };
		84AB64002905B08400BF8FE9 /* MoveeAppUITestsLaunchTests.swift in Sources */ = {isa = PBXBuildFile; fileRef = 84AB63FF2905B08400BF8FE9 /* MoveeAppUITestsLaunchTests.swift */; };
		8979F35DFDAA413734031CD2 /* Pods_MoveeAppTests.framework in Frameworks */ = {isa = PBXBuildFile; fileRef = 963C23AE769D3E58E71B9783 /* Pods_MoveeAppTests.framework */; };
		A5B4F9B8F02714567864D60B /* Pods_MoveeApp_MoveeAppUITests.framework in Frameworks */ = {isa = PBXBuildFile; fileRef = 48AADC152BE96FB1EFBBF90C /* Pods_MoveeApp_MoveeAppUITests.framework */; };
/* End PBXBuildFile section */

/* Begin PBXContainerItemProxy section */
		84AB63F02905B08400BF8FE9 /* PBXContainerItemProxy */ = {
			isa = PBXContainerItemProxy;
			containerPortal = 84AB63D22905B07E00BF8FE9 /* Project object */;
			proxyType = 1;
			remoteGlobalIDString = 84AB63D92905B07E00BF8FE9;
			remoteInfo = MoveeApp;
		};
		84AB63FA2905B08400BF8FE9 /* PBXContainerItemProxy */ = {
			isa = PBXContainerItemProxy;
			containerPortal = 84AB63D22905B07E00BF8FE9 /* Project object */;
			proxyType = 1;
			remoteGlobalIDString = 84AB63D92905B07E00BF8FE9;
			remoteInfo = MoveeApp;
		};
/* End PBXContainerItemProxy section */

/* Begin PBXFileReference section */
		0EAA1D6CBF2A5502E67ACCDE /* Pods-MoveeApp-MoveeAppUITests.release.xcconfig */ = {isa = PBXFileReference; includeInIndex = 1; lastKnownFileType = text.xcconfig; name = "Pods-MoveeApp-MoveeAppUITests.release.xcconfig"; path = "Target Support Files/Pods-MoveeApp-MoveeAppUITests/Pods-MoveeApp-MoveeAppUITests.release.xcconfig"; sourceTree = "<group>"; };
		37981B2A09FB0F8B574761AB /* Pods-MoveeApp.debug.xcconfig */ = {isa = PBXFileReference; includeInIndex = 1; lastKnownFileType = text.xcconfig; name = "Pods-MoveeApp.debug.xcconfig"; path = "Target Support Files/Pods-MoveeApp/Pods-MoveeApp.debug.xcconfig"; sourceTree = "<group>"; };
		43BDABD09247899A6EE5E1E6 /* Pods-MoveeApp-MoveeAppUITests.debug.xcconfig */ = {isa = PBXFileReference; includeInIndex = 1; lastKnownFileType = text.xcconfig; name = "Pods-MoveeApp-MoveeAppUITests.debug.xcconfig"; path = "Target Support Files/Pods-MoveeApp-MoveeAppUITests/Pods-MoveeApp-MoveeAppUITests.debug.xcconfig"; sourceTree = "<group>"; };
		457A69A9DC84327ECEAE1AF9 /* Pods-MoveeApp.release.xcconfig */ = {isa = PBXFileReference; includeInIndex = 1; lastKnownFileType = text.xcconfig; name = "Pods-MoveeApp.release.xcconfig"; path = "Target Support Files/Pods-MoveeApp/Pods-MoveeApp.release.xcconfig"; sourceTree = "<group>"; };
		48AADC152BE96FB1EFBBF90C /* Pods_MoveeApp_MoveeAppUITests.framework */ = {isa = PBXFileReference; explicitFileType = wrapper.framework; includeInIndex = 0; path = Pods_MoveeApp_MoveeAppUITests.framework; sourceTree = BUILT_PRODUCTS_DIR; };
		796CDD406271FCBC2904C76F /* Pods_MoveeApp.framework */ = {isa = PBXFileReference; explicitFileType = wrapper.framework; includeInIndex = 0; path = Pods_MoveeApp.framework; sourceTree = BUILT_PRODUCTS_DIR; };
		8404BB802907F38D003C3A44 /* NetworkManager.swift */ = {isa = PBXFileReference; lastKnownFileType = sourcecode.swift; path = NetworkManager.swift; sourceTree = "<group>"; };
		8404BB832907F4DF003C3A44 /* Title.swift */ = {isa = PBXFileReference; lastKnownFileType = sourcecode.swift; path = Title.swift; sourceTree = "<group>"; };
		8404BB882908194A003C3A44 /* ButtonAndResultView.swift */ = {isa = PBXFileReference; lastKnownFileType = sourcecode.swift; path = ButtonAndResultView.swift; sourceTree = "<group>"; };
		84AB63DA2905B07E00BF8FE9 /* MoveeApp.app */ = {isa = PBXFileReference; explicitFileType = wrapper.application; includeInIndex = 0; path = MoveeApp.app; sourceTree = BUILT_PRODUCTS_DIR; };
		84AB63DD2905B07E00BF8FE9 /* MoveeAppApp.swift */ = {isa = PBXFileReference; lastKnownFileType = sourcecode.swift; path = MoveeAppApp.swift; sourceTree = "<group>"; };
		84AB63DF2905B07E00BF8FE9 /* ContentView.swift */ = {isa = PBXFileReference; lastKnownFileType = sourcecode.swift; path = ContentView.swift; sourceTree = "<group>"; };
		84AB63E12905B08300BF8FE9 /* Assets.xcassets */ = {isa = PBXFileReference; lastKnownFileType = folder.assetcatalog; path = Assets.xcassets; sourceTree = "<group>"; };
		84AB63E42905B08300BF8FE9 /* Preview Assets.xcassets */ = {isa = PBXFileReference; lastKnownFileType = folder.assetcatalog; path = "Preview Assets.xcassets"; sourceTree = "<group>"; };
		84AB63E62905B08300BF8FE9 /* Persistence.swift */ = {isa = PBXFileReference; lastKnownFileType = sourcecode.swift; path = Persistence.swift; sourceTree = "<group>"; };
		84AB63E92905B08300BF8FE9 /* MoveeApp.xcdatamodel */ = {isa = PBXFileReference; lastKnownFileType = wrapper.xcdatamodel; path = MoveeApp.xcdatamodel; sourceTree = "<group>"; };
		84AB63EF2905B08400BF8FE9 /* MoveeAppTests.xctest */ = {isa = PBXFileReference; explicitFileType = wrapper.cfbundle; includeInIndex = 0; path = MoveeAppTests.xctest; sourceTree = BUILT_PRODUCTS_DIR; };
		84AB63F32905B08400BF8FE9 /* MoveeAppTests.swift */ = {isa = PBXFileReference; lastKnownFileType = sourcecode.swift; path = MoveeAppTests.swift; sourceTree = "<group>"; };
		84AB63F92905B08400BF8FE9 /* MoveeAppUITests.xctest */ = {isa = PBXFileReference; explicitFileType = wrapper.cfbundle; includeInIndex = 0; path = MoveeAppUITests.xctest; sourceTree = BUILT_PRODUCTS_DIR; };
		84AB63FD2905B08400BF8FE9 /* MoveeAppUITests.swift */ = {isa = PBXFileReference; lastKnownFileType = sourcecode.swift; path = MoveeAppUITests.swift; sourceTree = "<group>"; };
		84AB63FF2905B08400BF8FE9 /* MoveeAppUITestsLaunchTests.swift */ = {isa = PBXFileReference; lastKnownFileType = sourcecode.swift; path = MoveeAppUITestsLaunchTests.swift; sourceTree = "<group>"; };
		871C153373FE2279BBF4EC90 /* Pods-MoveeAppTests.debug.xcconfig */ = {isa = PBXFileReference; includeInIndex = 1; lastKnownFileType = text.xcconfig; name = "Pods-MoveeAppTests.debug.xcconfig"; path = "Target Support Files/Pods-MoveeAppTests/Pods-MoveeAppTests.debug.xcconfig"; sourceTree = "<group>"; };
		963C23AE769D3E58E71B9783 /* Pods_MoveeAppTests.framework */ = {isa = PBXFileReference; explicitFileType = wrapper.framework; includeInIndex = 0; path = Pods_MoveeAppTests.framework; sourceTree = BUILT_PRODUCTS_DIR; };
		96D7422E2709ED8517585B97 /* Pods-MoveeAppTests.release.xcconfig */ = {isa = PBXFileReference; includeInIndex = 1; lastKnownFileType = text.xcconfig; name = "Pods-MoveeAppTests.release.xcconfig"; path = "Target Support Files/Pods-MoveeAppTests/Pods-MoveeAppTests.release.xcconfig"; sourceTree = "<group>"; };
/* End PBXFileReference section */

/* Begin PBXFrameworksBuildPhase section */
		84AB63D72905B07E00BF8FE9 /* Frameworks */ = {
			isa = PBXFrameworksBuildPhase;
			buildActionMask = 2147483647;
			files = (
				4D237BD56C1E2C10551EF9A0 /* Pods_MoveeApp.framework in Frameworks */,
			);
			runOnlyForDeploymentPostprocessing = 0;
		};
		84AB63EC2905B08400BF8FE9 /* Frameworks */ = {
			isa = PBXFrameworksBuildPhase;
			buildActionMask = 2147483647;
			files = (
				8979F35DFDAA413734031CD2 /* Pods_MoveeAppTests.framework in Frameworks */,
			);
			runOnlyForDeploymentPostprocessing = 0;
		};
		84AB63F62905B08400BF8FE9 /* Frameworks */ = {
			isa = PBXFrameworksBuildPhase;
			buildActionMask = 2147483647;
			files = (
				A5B4F9B8F02714567864D60B /* Pods_MoveeApp_MoveeAppUITests.framework in Frameworks */,
			);
			runOnlyForDeploymentPostprocessing = 0;
		};
/* End PBXFrameworksBuildPhase section */

/* Begin PBXGroup section */
		7ADCA0C6BD9ACDE7EC11B0D3 /* Pods */ = {
			isa = PBXGroup;
			children = (
				37981B2A09FB0F8B574761AB /* Pods-MoveeApp.debug.xcconfig */,
				457A69A9DC84327ECEAE1AF9 /* Pods-MoveeApp.release.xcconfig */,
				43BDABD09247899A6EE5E1E6 /* Pods-MoveeApp-MoveeAppUITests.debug.xcconfig */,
				0EAA1D6CBF2A5502E67ACCDE /* Pods-MoveeApp-MoveeAppUITests.release.xcconfig */,
				871C153373FE2279BBF4EC90 /* Pods-MoveeAppTests.debug.xcconfig */,
				96D7422E2709ED8517585B97 /* Pods-MoveeAppTests.release.xcconfig */,
			);
			path = Pods;
			sourceTree = "<group>";
		};
		8404BB7F2907F371003C3A44 /* Managers */ = {
			isa = PBXGroup;
			children = (
				8404BB802907F38D003C3A44 /* NetworkManager.swift */,
			);
			path = Managers;
			sourceTree = "<group>";
		};
		8404BB822907F3A0003C3A44 /* Models */ = {
			isa = PBXGroup;
			children = (
				8404BB832907F4DF003C3A44 /* Title.swift */,
			);
			path = Models;
			sourceTree = "<group>";
		};
		84AB63D12905B07E00BF8FE9 = {
			isa = PBXGroup;
			children = (
				84AB63DC2905B07E00BF8FE9 /* MoveeApp */,
				84AB63F22905B08400BF8FE9 /* MoveeAppTests */,
				84AB63FC2905B08400BF8FE9 /* MoveeAppUITests */,
				84AB63DB2905B07E00BF8FE9 /* Products */,
				7ADCA0C6BD9ACDE7EC11B0D3 /* Pods */,
				B0269EEB052C684DF76B008E /* Frameworks */,
			);
			sourceTree = "<group>";
		};
		84AB63DB2905B07E00BF8FE9 /* Products */ = {
			isa = PBXGroup;
			children = (
				84AB63DA2905B07E00BF8FE9 /* MoveeApp.app */,
				84AB63EF2905B08400BF8FE9 /* MoveeAppTests.xctest */,
				84AB63F92905B08400BF8FE9 /* MoveeAppUITests.xctest */,
			);
			name = Products;
			sourceTree = "<group>";
		};
		84AB63DC2905B07E00BF8FE9 /* MoveeApp */ = {
			isa = PBXGroup;
			children = (
				8404BB822907F3A0003C3A44 /* Models */,
				8404BB7F2907F371003C3A44 /* Managers */,
				84AB63DD2905B07E00BF8FE9 /* MoveeAppApp.swift */,
				8404BB882908194A003C3A44 /* ButtonAndResultView.swift */,
				84AB63DF2905B07E00BF8FE9 /* ContentView.swift */,
				84AB63E12905B08300BF8FE9 /* Assets.xcassets */,
				84AB63E62905B08300BF8FE9 /* Persistence.swift */,
				84AB63E82905B08300BF8FE9 /* MoveeApp.xcdatamodeld */,
				84AB63E32905B08300BF8FE9 /* Preview Content */,
			);
			path = MoveeApp;
			sourceTree = "<group>";
		};
		84AB63E32905B08300BF8FE9 /* Preview Content */ = {
			isa = PBXGroup;
			children = (
				84AB63E42905B08300BF8FE9 /* Preview Assets.xcassets */,
			);
			path = "Preview Content";
			sourceTree = "<group>";
		};
		84AB63F22905B08400BF8FE9 /* MoveeAppTests */ = {
			isa = PBXGroup;
			children = (
				84AB63F32905B08400BF8FE9 /* MoveeAppTests.swift */,
			);
			path = MoveeAppTests;
			sourceTree = "<group>";
		};
		84AB63FC2905B08400BF8FE9 /* MoveeAppUITests */ = {
			isa = PBXGroup;
			children = (
				84AB63FD2905B08400BF8FE9 /* MoveeAppUITests.swift */,
				84AB63FF2905B08400BF8FE9 /* MoveeAppUITestsLaunchTests.swift */,
			);
			path = MoveeAppUITests;
			sourceTree = "<group>";
		};
		B0269EEB052C684DF76B008E /* Frameworks */ = {
			isa = PBXGroup;
			children = (
				796CDD406271FCBC2904C76F /* Pods_MoveeApp.framework */,
				48AADC152BE96FB1EFBBF90C /* Pods_MoveeApp_MoveeAppUITests.framework */,
				963C23AE769D3E58E71B9783 /* Pods_MoveeAppTests.framework */,
			);
			name = Frameworks;
			sourceTree = "<group>";
		};
/* End PBXGroup section */

/* Begin PBXNativeTarget section */
		84AB63D92905B07E00BF8FE9 /* MoveeApp */ = {
			isa = PBXNativeTarget;
			buildConfigurationList = 84AB64032905B08400BF8FE9 /* Build configuration list for PBXNativeTarget "MoveeApp" */;
			buildPhases = (
				3E0CAFF62ACD7168632A5738 /* [CP] Check Pods Manifest.lock */,
				84AB63D62905B07E00BF8FE9 /* Sources */,
				84AB63D72905B07E00BF8FE9 /* Frameworks */,
				84AB63D82905B07E00BF8FE9 /* Resources */,
			);
			buildRules = (
			);
			dependencies = (
			);
			name = MoveeApp;
			productName = MoveeApp;
			productReference = 84AB63DA2905B07E00BF8FE9 /* MoveeApp.app */;
			productType = "com.apple.product-type.application";
		};
		84AB63EE2905B08400BF8FE9 /* MoveeAppTests */ = {
			isa = PBXNativeTarget;
			buildConfigurationList = 84AB64062905B08400BF8FE9 /* Build configuration list for PBXNativeTarget "MoveeAppTests" */;
			buildPhases = (
				9C59B8CB0D2F0B85B029FF2B /* [CP] Check Pods Manifest.lock */,
				84AB63EB2905B08400BF8FE9 /* Sources */,
				84AB63EC2905B08400BF8FE9 /* Frameworks */,
				84AB63ED2905B08400BF8FE9 /* Resources */,
			);
			buildRules = (
			);
			dependencies = (
				84AB63F12905B08400BF8FE9 /* PBXTargetDependency */,
			);
			name = MoveeAppTests;
			productName = MoveeAppTests;
			productReference = 84AB63EF2905B08400BF8FE9 /* MoveeAppTests.xctest */;
			productType = "com.apple.product-type.bundle.unit-test";
		};
		84AB63F82905B08400BF8FE9 /* MoveeAppUITests */ = {
			isa = PBXNativeTarget;
			buildConfigurationList = 84AB64092905B08400BF8FE9 /* Build configuration list for PBXNativeTarget "MoveeAppUITests" */;
			buildPhases = (
				E93D2362C388F6735F60F5E9 /* [CP] Check Pods Manifest.lock */,
				84AB63F52905B08400BF8FE9 /* Sources */,
				84AB63F62905B08400BF8FE9 /* Frameworks */,
				84AB63F72905B08400BF8FE9 /* Resources */,
			);
			buildRules = (
			);
			dependencies = (
				84AB63FB2905B08400BF8FE9 /* PBXTargetDependency */,
			);
			name = MoveeAppUITests;
			productName = MoveeAppUITests;
			productReference = 84AB63F92905B08400BF8FE9 /* MoveeAppUITests.xctest */;
			productType = "com.apple.product-type.bundle.ui-testing";
		};
/* End PBXNativeTarget section */

/* Begin PBXProject section */
		84AB63D22905B07E00BF8FE9 /* Project object */ = {
			isa = PBXProject;
			attributes = {
				BuildIndependentTargetsInParallel = 1;
				LastSwiftUpdateCheck = 1400;
				LastUpgradeCheck = 1400;
				TargetAttributes = {
					84AB63D92905B07E00BF8FE9 = {
						CreatedOnToolsVersion = 14.0.1;
					};
					84AB63EE2905B08400BF8FE9 = {
						CreatedOnToolsVersion = 14.0.1;
						TestTargetID = 84AB63D92905B07E00BF8FE9;
					};
					84AB63F82905B08400BF8FE9 = {
						CreatedOnToolsVersion = 14.0.1;
						TestTargetID = 84AB63D92905B07E00BF8FE9;
					};
				};
			};
			buildConfigurationList = 84AB63D52905B07E00BF8FE9 /* Build configuration list for PBXProject "MoveeApp" */;
			compatibilityVersion = "Xcode 14.0";
			developmentRegion = en;
			hasScannedForEncodings = 0;
			knownRegions = (
				en,
				Base,
			);
			mainGroup = 84AB63D12905B07E00BF8FE9;
			productRefGroup = 84AB63DB2905B07E00BF8FE9 /* Products */;
			projectDirPath = "";
			projectRoot = "";
			targets = (
				84AB63D92905B07E00BF8FE9 /* MoveeApp */,
				84AB63EE2905B08400BF8FE9 /* MoveeAppTests */,
				84AB63F82905B08400BF8FE9 /* MoveeAppUITests */,
			);
		};
/* End PBXProject section */

/* Begin PBXResourcesBuildPhase section */
		84AB63D82905B07E00BF8FE9 /* Resources */ = {
			isa = PBXResourcesBuildPhase;
			buildActionMask = 2147483647;
			files = (
				84AB63E52905B08300BF8FE9 /* Preview Assets.xcassets in Resources */,
				84AB63E22905B08300BF8FE9 /* Assets.xcassets in Resources */,
			);
			runOnlyForDeploymentPostprocessing = 0;
		};
		84AB63ED2905B08400BF8FE9 /* Resources */ = {
			isa = PBXResourcesBuildPhase;
			buildActionMask = 2147483647;
			files = (
			);
			runOnlyForDeploymentPostprocessing = 0;
		};
		84AB63F72905B08400BF8FE9 /* Resources */ = {
			isa = PBXResourcesBuildPhase;
			buildActionMask = 2147483647;
			files = (
			);
			runOnlyForDeploymentPostprocessing = 0;
		};
/* End PBXResourcesBuildPhase section */

/* Begin PBXShellScriptBuildPhase section */
		3E0CAFF62ACD7168632A5738 /* [CP] Check Pods Manifest.lock */ = {
			isa = PBXShellScriptBuildPhase;
			buildActionMask = 2147483647;
			files = (
			);
			inputFileListPaths = (
			);
			inputPaths = (
				"${PODS_PODFILE_DIR_PATH}/Podfile.lock",
				"${PODS_ROOT}/Manifest.lock",
			);
			name = "[CP] Check Pods Manifest.lock";
			outputFileListPaths = (
			);
			outputPaths = (
				"$(DERIVED_FILE_DIR)/Pods-MoveeApp-checkManifestLockResult.txt",
			);
			runOnlyForDeploymentPostprocessing = 0;
			shellPath = /bin/sh;
			shellScript = "diff \"${PODS_PODFILE_DIR_PATH}/Podfile.lock\" \"${PODS_ROOT}/Manifest.lock\" > /dev/null\nif [ $? != 0 ] ; then\n    # print error to STDERR\n    echo \"error: The sandbox is not in sync with the Podfile.lock. Run 'pod install' or update your CocoaPods installation.\" >&2\n    exit 1\nfi\n# This output is used by Xcode 'outputs' to avoid re-running this script phase.\necho \"SUCCESS\" > \"${SCRIPT_OUTPUT_FILE_0}\"\n";
			showEnvVarsInLog = 0;
		};
		9C59B8CB0D2F0B85B029FF2B /* [CP] Check Pods Manifest.lock */ = {
			isa = PBXShellScriptBuildPhase;
			buildActionMask = 2147483647;
			files = (
			);
			inputFileListPaths = (
			);
			inputPaths = (
				"${PODS_PODFILE_DIR_PATH}/Podfile.lock",
				"${PODS_ROOT}/Manifest.lock",
			);
			name = "[CP] Check Pods Manifest.lock";
			outputFileListPaths = (
			);
			outputPaths = (
				"$(DERIVED_FILE_DIR)/Pods-MoveeAppTests-checkManifestLockResult.txt",
			);
			runOnlyForDeploymentPostprocessing = 0;
			shellPath = /bin/sh;
			shellScript = "diff \"${PODS_PODFILE_DIR_PATH}/Podfile.lock\" \"${PODS_ROOT}/Manifest.lock\" > /dev/null\nif [ $? != 0 ] ; then\n    # print error to STDERR\n    echo \"error: The sandbox is not in sync with the Podfile.lock. Run 'pod install' or update your CocoaPods installation.\" >&2\n    exit 1\nfi\n# This output is used by Xcode 'outputs' to avoid re-running this script phase.\necho \"SUCCESS\" > \"${SCRIPT_OUTPUT_FILE_0}\"\n";
			showEnvVarsInLog = 0;
		};
		E93D2362C388F6735F60F5E9 /* [CP] Check Pods Manifest.lock */ = {
			isa = PBXShellScriptBuildPhase;
			buildActionMask = 2147483647;
			files = (
			);
			inputFileListPaths = (
			);
			inputPaths = (
				"${PODS_PODFILE_DIR_PATH}/Podfile.lock",
				"${PODS_ROOT}/Manifest.lock",
			);
			name = "[CP] Check Pods Manifest.lock";
			outputFileListPaths = (
			);
			outputPaths = (
				"$(DERIVED_FILE_DIR)/Pods-MoveeApp-MoveeAppUITests-checkManifestLockResult.txt",
			);
			runOnlyForDeploymentPostprocessing = 0;
			shellPath = /bin/sh;
			shellScript = "diff \"${PODS_PODFILE_DIR_PATH}/Podfile.lock\" \"${PODS_ROOT}/Manifest.lock\" > /dev/null\nif [ $? != 0 ] ; then\n    # print error to STDERR\n    echo \"error: The sandbox is not in sync with the Podfile.lock. Run 'pod install' or update your CocoaPods installation.\" >&2\n    exit 1\nfi\n# This output is used by Xcode 'outputs' to avoid re-running this script phase.\necho \"SUCCESS\" > \"${SCRIPT_OUTPUT_FILE_0}\"\n";
			showEnvVarsInLog = 0;
		};
/* End PBXShellScriptBuildPhase section */

/* Begin PBXSourcesBuildPhase section */
		84AB63D62905B07E00BF8FE9 /* Sources */ = {
			isa = PBXSourcesBuildPhase;
			buildActionMask = 2147483647;
			files = (
				84AB63E72905B08300BF8FE9 /* Persistence.swift in Sources */,
				8404BB842907F4DF003C3A44 /* Title.swift in Sources */,
				84AB63E02905B07E00BF8FE9 /* ContentView.swift in Sources */,
				8404BB892908194A003C3A44 /* ButtonAndResultView.swift in Sources */,
				8404BB812907F38D003C3A44 /* NetworkManager.swift in Sources */,
				84AB63EA2905B08300BF8FE9 /* MoveeApp.xcdatamodeld in Sources */,
				84AB63DE2905B07E00BF8FE9 /* MoveeAppApp.swift in Sources */,
			);
			runOnlyForDeploymentPostprocessing = 0;
		};
		84AB63EB2905B08400BF8FE9 /* Sources */ = {
			isa = PBXSourcesBuildPhase;
			buildActionMask = 2147483647;
			files = (
				84AB63F42905B08400BF8FE9 /* MoveeAppTests.swift in Sources */,
			);
			runOnlyForDeploymentPostprocessing = 0;
		};
		84AB63F52905B08400BF8FE9 /* Sources */ = {
			isa = PBXSourcesBuildPhase;
			buildActionMask = 2147483647;
			files = (
				84AB64002905B08400BF8FE9 /* MoveeAppUITestsLaunchTests.swift in Sources */,
				84AB63FE2905B08400BF8FE9 /* MoveeAppUITests.swift in Sources */,
			);
			runOnlyForDeploymentPostprocessing = 0;
		};
/* End PBXSourcesBuildPhase section */

/* Begin PBXTargetDependency section */
		84AB63F12905B08400BF8FE9 /* PBXTargetDependency */ = {
			isa = PBXTargetDependency;
			target = 84AB63D92905B07E00BF8FE9 /* MoveeApp */;
			targetProxy = 84AB63F02905B08400BF8FE9 /* PBXContainerItemProxy */;
		};
		84AB63FB2905B08400BF8FE9 /* PBXTargetDependency */ = {
			isa = PBXTargetDependency;
			target = 84AB63D92905B07E00BF8FE9 /* MoveeApp */;
			targetProxy = 84AB63FA2905B08400BF8FE9 /* PBXContainerItemProxy */;
		};
/* End PBXTargetDependency section */

/* Begin XCBuildConfiguration section */
		84AB64012905B08400BF8FE9 /* Debug */ = {
			isa = XCBuildConfiguration;
			buildSettings = {
				ALWAYS_SEARCH_USER_PATHS = NO;
				CLANG_ANALYZER_NONNULL = YES;
				CLANG_ANALYZER_NUMBER_OBJECT_CONVERSION = YES_AGGRESSIVE;
				CLANG_CXX_LANGUAGE_STANDARD = "gnu++20";
				CLANG_ENABLE_MODULES = YES;
				CLANG_ENABLE_OBJC_ARC = YES;
				CLANG_ENABLE_OBJC_WEAK = YES;
				CLANG_WARN_BLOCK_CAPTURE_AUTORELEASING = YES;
				CLANG_WARN_BOOL_CONVERSION = YES;
				CLANG_WARN_COMMA = YES;
				CLANG_WARN_CONSTANT_CONVERSION = YES;
				CLANG_WARN_DEPRECATED_OBJC_IMPLEMENTATIONS = YES;
				CLANG_WARN_DIRECT_OBJC_ISA_USAGE = YES_ERROR;
				CLANG_WARN_DOCUMENTATION_COMMENTS = YES;
				CLANG_WARN_EMPTY_BODY = YES;
				CLANG_WARN_ENUM_CONVERSION = YES;
				CLANG_WARN_INFINITE_RECURSION = YES;
				CLANG_WARN_INT_CONVERSION = YES;
				CLANG_WARN_NON_LITERAL_NULL_CONVERSION = YES;
				CLANG_WARN_OBJC_IMPLICIT_RETAIN_SELF = YES;
				CLANG_WARN_OBJC_LITERAL_CONVERSION = YES;
				CLANG_WARN_OBJC_ROOT_CLASS = YES_ERROR;
				CLANG_WARN_QUOTED_INCLUDE_IN_FRAMEWORK_HEADER = YES;
				CLANG_WARN_RANGE_LOOP_ANALYSIS = YES;
				CLANG_WARN_STRICT_PROTOTYPES = YES;
				CLANG_WARN_SUSPICIOUS_MOVE = YES;
				CLANG_WARN_UNGUARDED_AVAILABILITY = YES_AGGRESSIVE;
				CLANG_WARN_UNREACHABLE_CODE = YES;
				CLANG_WARN__DUPLICATE_METHOD_MATCH = YES;
				COPY_PHASE_STRIP = NO;
				DEBUG_INFORMATION_FORMAT = dwarf;
				ENABLE_STRICT_OBJC_MSGSEND = YES;
				ENABLE_TESTABILITY = YES;
				GCC_C_LANGUAGE_STANDARD = gnu11;
				GCC_DYNAMIC_NO_PIC = NO;
				GCC_NO_COMMON_BLOCKS = YES;
				GCC_OPTIMIZATION_LEVEL = 0;
				GCC_PREPROCESSOR_DEFINITIONS = (
					"DEBUG=1",
					"$(inherited)",
				);
				GCC_WARN_64_TO_32_BIT_CONVERSION = YES;
				GCC_WARN_ABOUT_RETURN_TYPE = YES_ERROR;
				GCC_WARN_UNDECLARED_SELECTOR = YES;
				GCC_WARN_UNINITIALIZED_AUTOS = YES_AGGRESSIVE;
				GCC_WARN_UNUSED_FUNCTION = YES;
				GCC_WARN_UNUSED_VARIABLE = YES;
				IPHONEOS_DEPLOYMENT_TARGET = 16.0;
				MTL_ENABLE_DEBUG_INFO = INCLUDE_SOURCE;
				MTL_FAST_MATH = YES;
				ONLY_ACTIVE_ARCH = YES;
				SDKROOT = iphoneos;
				SWIFT_ACTIVE_COMPILATION_CONDITIONS = DEBUG;
				SWIFT_OPTIMIZATION_LEVEL = "-Onone";
			};
			name = Debug;
		};
		84AB64022905B08400BF8FE9 /* Release */ = {
			isa = XCBuildConfiguration;
			buildSettings = {
				ALWAYS_SEARCH_USER_PATHS = NO;
				CLANG_ANALYZER_NONNULL = YES;
				CLANG_ANALYZER_NUMBER_OBJECT_CONVERSION = YES_AGGRESSIVE;
				CLANG_CXX_LANGUAGE_STANDARD = "gnu++20";
				CLANG_ENABLE_MODULES = YES;
				CLANG_ENABLE_OBJC_ARC = YES;
				CLANG_ENABLE_OBJC_WEAK = YES;
				CLANG_WARN_BLOCK_CAPTURE_AUTORELEASING = YES;
				CLANG_WARN_BOOL_CONVERSION = YES;
				CLANG_WARN_COMMA = YES;
				CLANG_WARN_CONSTANT_CONVERSION = YES;
				CLANG_WARN_DEPRECATED_OBJC_IMPLEMENTATIONS = YES;
				CLANG_WARN_DIRECT_OBJC_ISA_USAGE = YES_ERROR;
				CLANG_WARN_DOCUMENTATION_COMMENTS = YES;
				CLANG_WARN_EMPTY_BODY = YES;
				CLANG_WARN_ENUM_CONVERSION = YES;
				CLANG_WARN_INFINITE_RECURSION = YES;
				CLANG_WARN_INT_CONVERSION = YES;
				CLANG_WARN_NON_LITERAL_NULL_CONVERSION = YES;
				CLANG_WARN_OBJC_IMPLICIT_RETAIN_SELF = YES;
				CLANG_WARN_OBJC_LITERAL_CONVERSION = YES;
				CLANG_WARN_OBJC_ROOT_CLASS = YES_ERROR;
				CLANG_WARN_QUOTED_INCLUDE_IN_FRAMEWORK_HEADER = YES;
				CLANG_WARN_RANGE_LOOP_ANALYSIS = YES;
				CLANG_WARN_STRICT_PROTOTYPES = YES;
				CLANG_WARN_SUSPICIOUS_MOVE = YES;
				CLANG_WARN_UNGUARDED_AVAILABILITY = YES_AGGRESSIVE;
				CLANG_WARN_UNREACHABLE_CODE = YES;
				CLANG_WARN__DUPLICATE_METHOD_MATCH = YES;
				COPY_PHASE_STRIP = NO;
				DEBUG_INFORMATION_FORMAT = "dwarf-with-dsym";
				ENABLE_NS_ASSERTIONS = NO;
				ENABLE_STRICT_OBJC_MSGSEND = YES;
				GCC_C_LANGUAGE_STANDARD = gnu11;
				GCC_NO_COMMON_BLOCKS = YES;
				GCC_WARN_64_TO_32_BIT_CONVERSION = YES;
				GCC_WARN_ABOUT_RETURN_TYPE = YES_ERROR;
				GCC_WARN_UNDECLARED_SELECTOR = YES;
				GCC_WARN_UNINITIALIZED_AUTOS = YES_AGGRESSIVE;
				GCC_WARN_UNUSED_FUNCTION = YES;
				GCC_WARN_UNUSED_VARIABLE = YES;
				IPHONEOS_DEPLOYMENT_TARGET = 16.0;
				MTL_ENABLE_DEBUG_INFO = NO;
				MTL_FAST_MATH = YES;
				SDKROOT = iphoneos;
				SWIFT_COMPILATION_MODE = wholemodule;
				SWIFT_OPTIMIZATION_LEVEL = "-O";
				VALIDATE_PRODUCT = YES;
			};
			name = Release;
		};
		84AB64042905B08400BF8FE9 /* Debug */ = {
			isa = XCBuildConfiguration;
			baseConfigurationReference = 37981B2A09FB0F8B574761AB /* Pods-MoveeApp.debug.xcconfig */;
			buildSettings = {
				ASSETCATALOG_COMPILER_APPICON_NAME = AppIcon;
				ASSETCATALOG_COMPILER_GLOBAL_ACCENT_COLOR_NAME = AccentColor;
				CODE_SIGN_STYLE = Automatic;
				CURRENT_PROJECT_VERSION = 1;
				DEVELOPMENT_ASSET_PATHS = "\"MoveeApp/Preview Content\"";
				DEVELOPMENT_TEAM = BB2PJN632P;
				ENABLE_PREVIEWS = YES;
				GENERATE_INFOPLIST_FILE = YES;
				INFOPLIST_KEY_UIApplicationSceneManifest_Generation = YES;
				INFOPLIST_KEY_UIApplicationSupportsIndirectInputEvents = YES;
				INFOPLIST_KEY_UILaunchScreen_Generation = YES;
				INFOPLIST_KEY_UISupportedInterfaceOrientations_iPad = "UIInterfaceOrientationPortrait UIInterfaceOrientationPortraitUpsideDown UIInterfaceOrientationLandscapeLeft UIInterfaceOrientationLandscapeRight";
				INFOPLIST_KEY_UISupportedInterfaceOrientations_iPhone = "UIInterfaceOrientationPortrait UIInterfaceOrientationLandscapeLeft UIInterfaceOrientationLandscapeRight";
				LD_RUNPATH_SEARCH_PATHS = (
					"$(inherited)",
					"@executable_path/Frameworks",
				);
				MARKETING_VERSION = 1.0;
				PRODUCT_BUNDLE_IDENTIFIER = com.husamdemirtas.MoveeApp;
				PRODUCT_NAME = "$(TARGET_NAME)";
				SWIFT_EMIT_LOC_STRINGS = YES;
				SWIFT_VERSION = 5.0;
				TARGETED_DEVICE_FAMILY = "1,2";
			};
			name = Debug;
		};
		84AB64052905B08400BF8FE9 /* Release */ = {
			isa = XCBuildConfiguration;
			baseConfigurationReference = 457A69A9DC84327ECEAE1AF9 /* Pods-MoveeApp.release.xcconfig */;
			buildSettings = {
				ASSETCATALOG_COMPILER_APPICON_NAME = AppIcon;
				ASSETCATALOG_COMPILER_GLOBAL_ACCENT_COLOR_NAME = AccentColor;
				CODE_SIGN_STYLE = Automatic;
				CURRENT_PROJECT_VERSION = 1;
				DEVELOPMENT_ASSET_PATHS = "\"MoveeApp/Preview Content\"";
				DEVELOPMENT_TEAM = BB2PJN632P;
				ENABLE_PREVIEWS = YES;
				GENERATE_INFOPLIST_FILE = YES;
				INFOPLIST_KEY_UIApplicationSceneManifest_Generation = YES;
				INFOPLIST_KEY_UIApplicationSupportsIndirectInputEvents = YES;
				INFOPLIST_KEY_UILaunchScreen_Generation = YES;
				INFOPLIST_KEY_UISupportedInterfaceOrientations_iPad = "UIInterfaceOrientationPortrait UIInterfaceOrientationPortraitUpsideDown UIInterfaceOrientationLandscapeLeft UIInterfaceOrientationLandscapeRight";
				INFOPLIST_KEY_UISupportedInterfaceOrientations_iPhone = "UIInterfaceOrientationPortrait UIInterfaceOrientationLandscapeLeft UIInterfaceOrientationLandscapeRight";
				LD_RUNPATH_SEARCH_PATHS = (
					"$(inherited)",
					"@executable_path/Frameworks",
				);
				MARKETING_VERSION = 1.0;
				PRODUCT_BUNDLE_IDENTIFIER = com.husamdemirtas.MoveeApp;
				PRODUCT_NAME = "$(TARGET_NAME)";
				SWIFT_EMIT_LOC_STRINGS = YES;
				SWIFT_VERSION = 5.0;
				TARGETED_DEVICE_FAMILY = "1,2";
			};
			name = Release;
		};
		84AB64072905B08400BF8FE9 /* Debug */ = {
			isa = XCBuildConfiguration;
			baseConfigurationReference = 871C153373FE2279BBF4EC90 /* Pods-MoveeAppTests.debug.xcconfig */;
			buildSettings = {
				ALWAYS_EMBED_SWIFT_STANDARD_LIBRARIES = YES;
				BUNDLE_LOADER = "$(TEST_HOST)";
				CODE_SIGN_STYLE = Automatic;
				CURRENT_PROJECT_VERSION = 1;
				DEVELOPMENT_TEAM = BB2PJN632P;
				GENERATE_INFOPLIST_FILE = YES;
				IPHONEOS_DEPLOYMENT_TARGET = 16.0;
				MARKETING_VERSION = 1.0;
				PRODUCT_BUNDLE_IDENTIFIER = com.husamdemirtas.MoveeAppTests;
				PRODUCT_NAME = "$(TARGET_NAME)";
				SWIFT_EMIT_LOC_STRINGS = NO;
				SWIFT_VERSION = 5.0;
				TARGETED_DEVICE_FAMILY = "1,2";
				TEST_HOST = "$(BUILT_PRODUCTS_DIR)/MoveeApp.app/$(BUNDLE_EXECUTABLE_FOLDER_PATH)/MoveeApp";
			};
			name = Debug;
		};
		84AB64082905B08400BF8FE9 /* Release */ = {
			isa = XCBuildConfiguration;
			baseConfigurationReference = 96D7422E2709ED8517585B97 /* Pods-MoveeAppTests.release.xcconfig */;
			buildSettings = {
				ALWAYS_EMBED_SWIFT_STANDARD_LIBRARIES = YES;
				BUNDLE_LOADER = "$(TEST_HOST)";
				CODE_SIGN_STYLE = Automatic;
				CURRENT_PROJECT_VERSION = 1;
				DEVELOPMENT_TEAM = BB2PJN632P;
				GENERATE_INFOPLIST_FILE = YES;
				IPHONEOS_DEPLOYMENT_TARGET = 16.0;
				MARKETING_VERSION = 1.0;
				PRODUCT_BUNDLE_IDENTIFIER = com.husamdemirtas.MoveeAppTests;
				PRODUCT_NAME = "$(TARGET_NAME)";
				SWIFT_EMIT_LOC_STRINGS = NO;
				SWIFT_VERSION = 5.0;
				TARGETED_DEVICE_FAMILY = "1,2";
				TEST_HOST = "$(BUILT_PRODUCTS_DIR)/MoveeApp.app/$(BUNDLE_EXECUTABLE_FOLDER_PATH)/MoveeApp";
			};
			name = Release;
		};
		84AB640A2905B08400BF8FE9 /* Debug */ = {
			isa = XCBuildConfiguration;
			baseConfigurationReference = 43BDABD09247899A6EE5E1E6 /* Pods-MoveeApp-MoveeAppUITests.debug.xcconfig */;
			buildSettings = {
				ALWAYS_EMBED_SWIFT_STANDARD_LIBRARIES = YES;
				CODE_SIGN_STYLE = Automatic;
				CURRENT_PROJECT_VERSION = 1;
				DEVELOPMENT_TEAM = BB2PJN632P;
				GENERATE_INFOPLIST_FILE = YES;
				MARKETING_VERSION = 1.0;
				PRODUCT_BUNDLE_IDENTIFIER = com.husamdemirtas.MoveeAppUITests;
				PRODUCT_NAME = "$(TARGET_NAME)";
				SWIFT_EMIT_LOC_STRINGS = NO;
				SWIFT_VERSION = 5.0;
				TARGETED_DEVICE_FAMILY = "1,2";
				TEST_TARGET_NAME = MoveeApp;
			};
			name = Debug;
		};
		84AB640B2905B08400BF8FE9 /* Release */ = {
			isa = XCBuildConfiguration;
			baseConfigurationReference = 0EAA1D6CBF2A5502E67ACCDE /* Pods-MoveeApp-MoveeAppUITests.release.xcconfig */;
			buildSettings = {
				ALWAYS_EMBED_SWIFT_STANDARD_LIBRARIES = YES;
				CODE_SIGN_STYLE = Automatic;
				CURRENT_PROJECT_VERSION = 1;
				DEVELOPMENT_TEAM = BB2PJN632P;
				GENERATE_INFOPLIST_FILE = YES;
				MARKETING_VERSION = 1.0;
				PRODUCT_BUNDLE_IDENTIFIER = com.husamdemirtas.MoveeAppUITests;
				PRODUCT_NAME = "$(TARGET_NAME)";
				SWIFT_EMIT_LOC_STRINGS = NO;
				SWIFT_VERSION = 5.0;
				TARGETED_DEVICE_FAMILY = "1,2";
				TEST_TARGET_NAME = MoveeApp;
			};
			name = Release;
		};
/* End XCBuildConfiguration section */

/* Begin XCConfigurationList section */
		84AB63D52905B07E00BF8FE9 /* Build configuration list for PBXProject "MoveeApp" */ = {
			isa = XCConfigurationList;
			buildConfigurations = (
				84AB64012905B08400BF8FE9 /* Debug */,
				84AB64022905B08400BF8FE9 /* Release */,
			);
			defaultConfigurationIsVisible = 0;
			defaultConfigurationName = Release;
		};
		84AB64032905B08400BF8FE9 /* Build configuration list for PBXNativeTarget "MoveeApp" */ = {
			isa = XCConfigurationList;
			buildConfigurations = (
				84AB64042905B08400BF8FE9 /* Debug */,
				84AB64052905B08400BF8FE9 /* Release */,
			);
			defaultConfigurationIsVisible = 0;
			defaultConfigurationName = Release;
		};
		84AB64062905B08400BF8FE9 /* Build configuration list for PBXNativeTarget "MoveeAppTests" */ = {
			isa = XCConfigurationList;
			buildConfigurations = (
				84AB64072905B08400BF8FE9 /* Debug */,
				84AB64082905B08400BF8FE9 /* Release */,
			);
			defaultConfigurationIsVisible = 0;
			defaultConfigurationName = Release;
		};
		84AB64092905B08400BF8FE9 /* Build configuration list for PBXNativeTarget "MoveeAppUITests" */ = {
			isa = XCConfigurationList;
			buildConfigurations = (
				84AB640A2905B08400BF8FE9 /* Debug */,
				84AB640B2905B08400BF8FE9 /* Release */,
			);
			defaultConfigurationIsVisible = 0;
			defaultConfigurationName = Release;
		};
/* End XCConfigurationList section */

/* Begin XCVersionGroup section */
		84AB63E82905B08300BF8FE9 /* MoveeApp.xcdatamodeld */ = {
			isa = XCVersionGroup;
			children = (
				84AB63E92905B08300BF8FE9 /* MoveeApp.xcdatamodel */,
			);
			currentVersion = 84AB63E92905B08300BF8FE9 /* MoveeApp.xcdatamodel */;
			path = MoveeApp.xcdatamodeld;
			sourceTree = "<group>";
			versionGroupType = wrapper.xcdatamodel;
		};
/* End XCVersionGroup section */
	};
	rootObject = 84AB63D22905B07E00BF8FE9 /* Project object */;
}
